// !$*UTF8*$!
{
	archiveVersion = 1;
	classes = {
	};
	objectVersion = 46;
	objects = {

/* Begin PBXBuildFile section */
		2B15710E1F317F91000EAB4A /* main.m in Sources */ = {isa = PBXBuildFile; fileRef = 2B15710D1F317F91000EAB4A /* main.m */; };
		2B1571111F317F91000EAB4A /* AppDelegate.m in Sources */ = {isa = PBXBuildFile; fileRef = 2B1571101F317F91000EAB4A /* AppDelegate.m */; };
		2B1571171F317F91000EAB4A /* Main.storyboard in Resources */ = {isa = PBXBuildFile; fileRef = 2B1571151F317F91000EAB4A /* Main.storyboard */; };
		2B1571191F317F91000EAB4A /* Assets.xcassets in Resources */ = {isa = PBXBuildFile; fileRef = 2B1571181F317F91000EAB4A /* Assets.xcassets */; };
		2B15711C1F317F91000EAB4A /* LaunchScreen.storyboard in Resources */ = {isa = PBXBuildFile; fileRef = 2B15711A1F317F91000EAB4A /* LaunchScreen.storyboard */; };
		2B15715D1F318001000EAB4A /* LICENSE in Resources */ = {isa = PBXBuildFile; fileRef = 2B15713D1F318001000EAB4A /* LICENSE */; };
		2B15715E1F318001000EAB4A /* README.md in Sources */ = {isa = PBXBuildFile; fileRef = 2B15713E1F318001000EAB4A /* README.md */; };
		2B15715F1F318001000EAB4A /* NSData+ImageContentType.m in Sources */ = {isa = PBXBuildFile; fileRef = 2B1571411F318001000EAB4A /* NSData+ImageContentType.m */; };
		2B1571601F318001000EAB4A /* SDImageCache.m in Sources */ = {isa = PBXBuildFile; fileRef = 2B1571431F318001000EAB4A /* SDImageCache.m */; };
		2B1571611F318001000EAB4A /* SDWebImageCompat.m in Sources */ = {isa = PBXBuildFile; fileRef = 2B1571451F318001000EAB4A /* SDWebImageCompat.m */; };
		2B1571621F318001000EAB4A /* SDWebImageDecoder.m in Sources */ = {isa = PBXBuildFile; fileRef = 2B1571471F318001000EAB4A /* SDWebImageDecoder.m */; };
		2B1571631F318001000EAB4A /* SDWebImageDownloader.m in Sources */ = {isa = PBXBuildFile; fileRef = 2B1571491F318001000EAB4A /* SDWebImageDownloader.m */; };
		2B1571641F318001000EAB4A /* SDWebImageDownloaderOperation.m in Sources */ = {isa = PBXBuildFile; fileRef = 2B15714B1F318001000EAB4A /* SDWebImageDownloaderOperation.m */; };
		2B1571651F318001000EAB4A /* SDWebImageManager.m in Sources */ = {isa = PBXBuildFile; fileRef = 2B15714D1F318001000EAB4A /* SDWebImageManager.m */; };
		2B1571661F318001000EAB4A /* SDWebImagePrefetcher.m in Sources */ = {isa = PBXBuildFile; fileRef = 2B1571501F318001000EAB4A /* SDWebImagePrefetcher.m */; };
		2B1571671F318001000EAB4A /* UIButton+WebCache.m in Sources */ = {isa = PBXBuildFile; fileRef = 2B1571521F318001000EAB4A /* UIButton+WebCache.m */; };
		2B1571681F318001000EAB4A /* UIImage+GIF.m in Sources */ = {isa = PBXBuildFile; fileRef = 2B1571541F318001000EAB4A /* UIImage+GIF.m */; };
		2B1571691F318001000EAB4A /* UIImage+MultiFormat.m in Sources */ = {isa = PBXBuildFile; fileRef = 2B1571561F318001000EAB4A /* UIImage+MultiFormat.m */; };
		2B15716A1F318001000EAB4A /* UIImageView+HighlightedWebCache.m in Sources */ = {isa = PBXBuildFile; fileRef = 2B1571581F318001000EAB4A /* UIImageView+HighlightedWebCache.m */; };
		2B15716B1F318001000EAB4A /* UIImageView+WebCache.m in Sources */ = {isa = PBXBuildFile; fileRef = 2B15715A1F318001000EAB4A /* UIImageView+WebCache.m */; };
		2B15716C1F318001000EAB4A /* UIView+WebCacheOperation.m in Sources */ = {isa = PBXBuildFile; fileRef = 2B15715C1F318001000EAB4A /* UIView+WebCacheOperation.m */; };
		2B1571751F318057000EAB4A /* 1.jpg in Resources */ = {isa = PBXBuildFile; fileRef = 2B15716E1F318057000EAB4A /* 1.jpg */; };
		2B1571761F318057000EAB4A /* 2.jpg in Resources */ = {isa = PBXBuildFile; fileRef = 2B15716F1F318057000EAB4A /* 2.jpg */; };
		2B1571771F318057000EAB4A /* 3.jpg in Resources */ = {isa = PBXBuildFile; fileRef = 2B1571701F318057000EAB4A /* 3.jpg */; };
		2B1571781F318057000EAB4A /* 4.jpg in Resources */ = {isa = PBXBuildFile; fileRef = 2B1571711F318057000EAB4A /* 4.jpg */; };
		2B1571791F318057000EAB4A /* 5.jpg in Resources */ = {isa = PBXBuildFile; fileRef = 2B1571721F318057000EAB4A /* 5.jpg */; };
		2B15717A1F318057000EAB4A /* 6.jpg in Resources */ = {isa = PBXBuildFile; fileRef = 2B1571731F318057000EAB4A /* 6.jpg */; };
		2B15717B1F318057000EAB4A /* 7.jpg in Resources */ = {isa = PBXBuildFile; fileRef = 2B1571741F318057000EAB4A /* 7.jpg */; };
		2B15717E1F31BCAB000EAB4A /* SBTestViewController.m in Sources */ = {isa = PBXBuildFile; fileRef = 2B15717D1F31BCAB000EAB4A /* SBTestViewController.m */; };
		2BEA132B1F3C61510085F550 /* RootViewController.m in Sources */ = {isa = PBXBuildFile; fileRef = 2BEA132A1F3C61510085F550 /* RootViewController.m */; };
		2BEA142F1F44223F0085F550 /* MASCompositeConstraint.m in Sources */ = {isa = PBXBuildFile; fileRef = 2BEA14171F44223F0085F550 /* MASCompositeConstraint.m */; };
		2BEA14301F44223F0085F550 /* MASConstraint.m in Sources */ = {isa = PBXBuildFile; fileRef = 2BEA141A1F44223F0085F550 /* MASConstraint.m */; };
		2BEA14311F44223F0085F550 /* MASConstraintMaker.m in Sources */ = {isa = PBXBuildFile; fileRef = 2BEA141C1F44223F0085F550 /* MASConstraintMaker.m */; };
		2BEA14321F44223F0085F550 /* MASLayoutConstraint.m in Sources */ = {isa = PBXBuildFile; fileRef = 2BEA141E1F44223F0085F550 /* MASLayoutConstraint.m */; };
		2BEA14331F44223F0085F550 /* MASViewAttribute.m in Sources */ = {isa = PBXBuildFile; fileRef = 2BEA14221F44223F0085F550 /* MASViewAttribute.m */; };
		2BEA14341F44223F0085F550 /* MASViewConstraint.m in Sources */ = {isa = PBXBuildFile; fileRef = 2BEA14241F44223F0085F550 /* MASViewConstraint.m */; };
		2BEA14351F44223F0085F550 /* NSArray+MASAdditions.m in Sources */ = {isa = PBXBuildFile; fileRef = 2BEA14261F44223F0085F550 /* NSArray+MASAdditions.m */; };
		2BEA14361F44223F0085F550 /* NSLayoutConstraint+MASDebugAdditions.m in Sources */ = {isa = PBXBuildFile; fileRef = 2BEA14291F44223F0085F550 /* NSLayoutConstraint+MASDebugAdditions.m */; };
		2BEA14371F44223F0085F550 /* View+MASAdditions.m in Sources */ = {isa = PBXBuildFile; fileRef = 2BEA142B1F44223F0085F550 /* View+MASAdditions.m */; };
		2BEA14381F44223F0085F550 /* ViewController+MASAdditions.m in Sources */ = {isa = PBXBuildFile; fileRef = 2BEA142E1F44223F0085F550 /* ViewController+MASAdditions.m */; };
		2BF34B621FD5538400F30ECD /* JLLunBoCollectionViewCell.m in Sources */ = {isa = PBXBuildFile; fileRef = 2BF34B541FD5538400F30ECD /* JLLunBoCollectionViewCell.m */; };
		2BF34B631FD5538400F30ECD /* JLLunBoCollectionViewCell.xib in Resources */ = {isa = PBXBuildFile; fileRef = 2BF34B551FD5538400F30ECD /* JLLunBoCollectionViewCell.xib */; };
		2BF34B641FD5538400F30ECD /* JLLunBoView.m in Sources */ = {isa = PBXBuildFile; fileRef = 2BF34B581FD5538400F30ECD /* JLLunBoView.m */; };
		2BF34B651FD5538400F30ECD /* JLPageControl.m in Sources */ = {isa = PBXBuildFile; fileRef = 2BF34B5A1FD5538400F30ECD /* JLPageControl.m */; };
		2BF34B661FD5538400F30ECD /* banner_grey@2x.png in Resources */ = {isa = PBXBuildFile; fileRef = 2BF34B5C1FD5538400F30ECD /* banner_grey@2x.png */; };
		2BF34B671FD5538400F30ECD /* banner_grey@3x.png in Resources */ = {isa = PBXBuildFile; fileRef = 2BF34B5D1FD5538400F30ECD /* banner_grey@3x.png */; };
		2BF34B681FD5538400F30ECD /* banner_orange@2x.png in Resources */ = {isa = PBXBuildFile; fileRef = 2BF34B5E1FD5538400F30ECD /* banner_orange@2x.png */; };
		2BF34B691FD5538400F30ECD /* banner_orange@3x.png in Resources */ = {isa = PBXBuildFile; fileRef = 2BF34B5F1FD5538400F30ECD /* banner_orange@3x.png */; };
		2BF34B6A1FD5538400F30ECD /* UIView+FrameHelp.m in Sources */ = {isa = PBXBuildFile; fileRef = 2BF34B611FD5538400F30ECD /* UIView+FrameHelp.m */; };
/* End PBXBuildFile section */

/* Begin PBXFileReference section */
		2B1571091F317F91000EAB4A /* JLCycleScrollerView.app */ = {isa = PBXFileReference; explicitFileType = wrapper.application; includeInIndex = 0; path = JLCycleScrollerView.app; sourceTree = BUILT_PRODUCTS_DIR; };
		2B15710D1F317F91000EAB4A /* main.m */ = {isa = PBXFileReference; lastKnownFileType = sourcecode.c.objc; path = main.m; sourceTree = "<group>"; };
		2B15710F1F317F91000EAB4A /* AppDelegate.h */ = {isa = PBXFileReference; lastKnownFileType = sourcecode.c.h; path = AppDelegate.h; sourceTree = "<group>"; };
		2B1571101F317F91000EAB4A /* AppDelegate.m */ = {isa = PBXFileReference; lastKnownFileType = sourcecode.c.objc; path = AppDelegate.m; sourceTree = "<group>"; };
		2B1571161F317F91000EAB4A /* Base */ = {isa = PBXFileReference; lastKnownFileType = file.storyboard; name = Base; path = Base.lproj/Main.storyboard; sourceTree = "<group>"; };
		2B1571181F317F91000EAB4A /* Assets.xcassets */ = {isa = PBXFileReference; lastKnownFileType = folder.assetcatalog; path = Assets.xcassets; sourceTree = "<group>"; };
		2B15711B1F317F91000EAB4A /* Base */ = {isa = PBXFileReference; lastKnownFileType = file.storyboard; name = Base; path = Base.lproj/LaunchScreen.storyboard; sourceTree = "<group>"; };
		2B15711D1F317F91000EAB4A /* Info.plist */ = {isa = PBXFileReference; lastKnownFileType = text.plist.xml; path = Info.plist; sourceTree = "<group>"; };
		2B15713D1F318001000EAB4A /* LICENSE */ = {isa = PBXFileReference; fileEncoding = 4; lastKnownFileType = text; path = LICENSE; sourceTree = "<group>"; };
		2B15713E1F318001000EAB4A /* README.md */ = {isa = PBXFileReference; fileEncoding = 4; lastKnownFileType = net.daringfireball.markdown; path = README.md; sourceTree = "<group>"; };
		2B1571401F318001000EAB4A /* NSData+ImageContentType.h */ = {isa = PBXFileReference; fileEncoding = 4; lastKnownFileType = sourcecode.c.h; path = "NSData+ImageContentType.h"; sourceTree = "<group>"; };
		2B1571411F318001000EAB4A /* NSData+ImageContentType.m */ = {isa = PBXFileReference; fileEncoding = 4; lastKnownFileType = sourcecode.c.objc; path = "NSData+ImageContentType.m"; sourceTree = "<group>"; };
		2B1571421F318001000EAB4A /* SDImageCache.h */ = {isa = PBXFileReference; fileEncoding = 4; lastKnownFileType = sourcecode.c.h; path = SDImageCache.h; sourceTree = "<group>"; };
		2B1571431F318001000EAB4A /* SDImageCache.m */ = {isa = PBXFileReference; fileEncoding = 4; lastKnownFileType = sourcecode.c.objc; path = SDImageCache.m; sourceTree = "<group>"; };
		2B1571441F318001000EAB4A /* SDWebImageCompat.h */ = {isa = PBXFileReference; fileEncoding = 4; lastKnownFileType = sourcecode.c.h; path = SDWebImageCompat.h; sourceTree = "<group>"; };
		2B1571451F318001000EAB4A /* SDWebImageCompat.m */ = {isa = PBXFileReference; fileEncoding = 4; lastKnownFileType = sourcecode.c.objc; path = SDWebImageCompat.m; sourceTree = "<group>"; };
		2B1571461F318001000EAB4A /* SDWebImageDecoder.h */ = {isa = PBXFileReference; fileEncoding = 4; lastKnownFileType = sourcecode.c.h; path = SDWebImageDecoder.h; sourceTree = "<group>"; };
		2B1571471F318001000EAB4A /* SDWebImageDecoder.m */ = {isa = PBXFileReference; fileEncoding = 4; lastKnownFileType = sourcecode.c.objc; path = SDWebImageDecoder.m; sourceTree = "<group>"; };
		2B1571481F318001000EAB4A /* SDWebImageDownloader.h */ = {isa = PBXFileReference; fileEncoding = 4; lastKnownFileType = sourcecode.c.h; path = SDWebImageDownloader.h; sourceTree = "<group>"; };
		2B1571491F318001000EAB4A /* SDWebImageDownloader.m */ = {isa = PBXFileReference; fileEncoding = 4; lastKnownFileType = sourcecode.c.objc; path = SDWebImageDownloader.m; sourceTree = "<group>"; };
		2B15714A1F318001000EAB4A /* SDWebImageDownloaderOperation.h */ = {isa = PBXFileReference; fileEncoding = 4; lastKnownFileType = sourcecode.c.h; path = SDWebImageDownloaderOperation.h; sourceTree = "<group>"; };
		2B15714B1F318001000EAB4A /* SDWebImageDownloaderOperation.m */ = {isa = PBXFileReference; fileEncoding = 4; lastKnownFileType = sourcecode.c.objc; path = SDWebImageDownloaderOperation.m; sourceTree = "<group>"; };
		2B15714C1F318001000EAB4A /* SDWebImageManager.h */ = {isa = PBXFileReference; fileEncoding = 4; lastKnownFileType = sourcecode.c.h; path = SDWebImageManager.h; sourceTree = "<group>"; };
		2B15714D1F318001000EAB4A /* SDWebImageManager.m */ = {isa = PBXFileReference; fileEncoding = 4; lastKnownFileType = sourcecode.c.objc; path = SDWebImageManager.m; sourceTree = "<group>"; };
		2B15714E1F318001000EAB4A /* SDWebImageOperation.h */ = {isa = PBXFileReference; fileEncoding = 4; lastKnownFileType = sourcecode.c.h; path = SDWebImageOperation.h; sourceTree = "<group>"; };
		2B15714F1F318001000EAB4A /* SDWebImagePrefetcher.h */ = {isa = PBXFileReference; fileEncoding = 4; lastKnownFileType = sourcecode.c.h; path = SDWebImagePrefetcher.h; sourceTree = "<group>"; };
		2B1571501F318001000EAB4A /* SDWebImagePrefetcher.m */ = {isa = PBXFileReference; fileEncoding = 4; lastKnownFileType = sourcecode.c.objc; path = SDWebImagePrefetcher.m; sourceTree = "<group>"; };
		2B1571511F318001000EAB4A /* UIButton+WebCache.h */ = {isa = PBXFileReference; fileEncoding = 4; lastKnownFileType = sourcecode.c.h; path = "UIButton+WebCache.h"; sourceTree = "<group>"; };
		2B1571521F318001000EAB4A /* UIButton+WebCache.m */ = {isa = PBXFileReference; fileEncoding = 4; lastKnownFileType = sourcecode.c.objc; path = "UIButton+WebCache.m"; sourceTree = "<group>"; };
		2B1571531F318001000EAB4A /* UIImage+GIF.h */ = {isa = PBXFileReference; fileEncoding = 4; lastKnownFileType = sourcecode.c.h; path = "UIImage+GIF.h"; sourceTree = "<group>"; };
		2B1571541F318001000EAB4A /* UIImage+GIF.m */ = {isa = PBXFileReference; fileEncoding = 4; lastKnownFileType = sourcecode.c.objc; path = "UIImage+GIF.m"; sourceTree = "<group>"; };
		2B1571551F318001000EAB4A /* UIImage+MultiFormat.h */ = {isa = PBXFileReference; fileEncoding = 4; lastKnownFileType = sourcecode.c.h; path = "UIImage+MultiFormat.h"; sourceTree = "<group>"; };
		2B1571561F318001000EAB4A /* UIImage+MultiFormat.m */ = {isa = PBXFileReference; fileEncoding = 4; lastKnownFileType = sourcecode.c.objc; path = "UIImage+MultiFormat.m"; sourceTree = "<group>"; };
		2B1571571F318001000EAB4A /* UIImageView+HighlightedWebCache.h */ = {isa = PBXFileReference; fileEncoding = 4; lastKnownFileType = sourcecode.c.h; path = "UIImageView+HighlightedWebCache.h"; sourceTree = "<group>"; };
		2B1571581F318001000EAB4A /* UIImageView+HighlightedWebCache.m */ = {isa = PBXFileReference; fileEncoding = 4; lastKnownFileType = sourcecode.c.objc; path = "UIImageView+HighlightedWebCache.m"; sourceTree = "<group>"; };
		2B1571591F318001000EAB4A /* UIImageView+WebCache.h */ = {isa = PBXFileReference; fileEncoding = 4; lastKnownFileType = sourcecode.c.h; path = "UIImageView+WebCache.h"; sourceTree = "<group>"; };
		2B15715A1F318001000EAB4A /* UIImageView+WebCache.m */ = {isa = PBXFileReference; fileEncoding = 4; lastKnownFileType = sourcecode.c.objc; path = "UIImageView+WebCache.m"; sourceTree = "<group>"; };
		2B15715B1F318001000EAB4A /* UIView+WebCacheOperation.h */ = {isa = PBXFileReference; fileEncoding = 4; lastKnownFileType = sourcecode.c.h; path = "UIView+WebCacheOperation.h"; sourceTree = "<group>"; };
		2B15715C1F318001000EAB4A /* UIView+WebCacheOperation.m */ = {isa = PBXFileReference; fileEncoding = 4; lastKnownFileType = sourcecode.c.objc; path = "UIView+WebCacheOperation.m"; sourceTree = "<group>"; };
		2B15716E1F318057000EAB4A /* 1.jpg */ = {isa = PBXFileReference; lastKnownFileType = image.jpeg; path = 1.jpg; sourceTree = "<group>"; };
		2B15716F1F318057000EAB4A /* 2.jpg */ = {isa = PBXFileReference; lastKnownFileType = image.jpeg; path = 2.jpg; sourceTree = "<group>"; };
		2B1571701F318057000EAB4A /* 3.jpg */ = {isa = PBXFileReference; lastKnownFileType = image.jpeg; path = 3.jpg; sourceTree = "<group>"; };
		2B1571711F318057000EAB4A /* 4.jpg */ = {isa = PBXFileReference; lastKnownFileType = image.jpeg; path = 4.jpg; sourceTree = "<group>"; };
		2B1571721F318057000EAB4A /* 5.jpg */ = {isa = PBXFileReference; lastKnownFileType = image.jpeg; path = 5.jpg; sourceTree = "<group>"; };
		2B1571731F318057000EAB4A /* 6.jpg */ = {isa = PBXFileReference; lastKnownFileType = image.jpeg; path = 6.jpg; sourceTree = "<group>"; };
		2B1571741F318057000EAB4A /* 7.jpg */ = {isa = PBXFileReference; lastKnownFileType = image.jpeg; path = 7.jpg; sourceTree = "<group>"; };
		2B15717C1F31BCAB000EAB4A /* SBTestViewController.h */ = {isa = PBXFileReference; fileEncoding = 4; lastKnownFileType = sourcecode.c.h; path = SBTestViewController.h; sourceTree = "<group>"; };
		2B15717D1F31BCAB000EAB4A /* SBTestViewController.m */ = {isa = PBXFileReference; fileEncoding = 4; lastKnownFileType = sourcecode.c.objc; path = SBTestViewController.m; sourceTree = "<group>"; };
		2BEA13291F3C61510085F550 /* RootViewController.h */ = {isa = PBXFileReference; fileEncoding = 4; lastKnownFileType = sourcecode.c.h; path = RootViewController.h; sourceTree = "<group>"; };
		2BEA132A1F3C61510085F550 /* RootViewController.m */ = {isa = PBXFileReference; fileEncoding = 4; lastKnownFileType = sourcecode.c.objc; path = RootViewController.m; sourceTree = "<group>"; };
		2BEA14161F44223F0085F550 /* MASCompositeConstraint.h */ = {isa = PBXFileReference; fileEncoding = 4; lastKnownFileType = sourcecode.c.h; path = MASCompositeConstraint.h; sourceTree = "<group>"; };
		2BEA14171F44223F0085F550 /* MASCompositeConstraint.m */ = {isa = PBXFileReference; fileEncoding = 4; lastKnownFileType = sourcecode.c.objc; path = MASCompositeConstraint.m; sourceTree = "<group>"; };
		2BEA14181F44223F0085F550 /* MASConstraint+Private.h */ = {isa = PBXFileReference; fileEncoding = 4; lastKnownFileType = sourcecode.c.h; path = "MASConstraint+Private.h"; sourceTree = "<group>"; };
		2BEA14191F44223F0085F550 /* MASConstraint.h */ = {isa = PBXFileReference; fileEncoding = 4; lastKnownFileType = sourcecode.c.h; path = MASConstraint.h; sourceTree = "<group>"; };
		2BEA141A1F44223F0085F550 /* MASConstraint.m */ = {isa = PBXFileReference; fileEncoding = 4; lastKnownFileType = sourcecode.c.objc; path = MASConstraint.m; sourceTree = "<group>"; };
		2BEA141B1F44223F0085F550 /* MASConstraintMaker.h */ = {isa = PBXFileReference; fileEncoding = 4; lastKnownFileType = sourcecode.c.h; path = MASConstraintMaker.h; sourceTree = "<group>"; };
		2BEA141C1F44223F0085F550 /* MASConstraintMaker.m */ = {isa = PBXFileReference; fileEncoding = 4; lastKnownFileType = sourcecode.c.objc; path = MASConstraintMaker.m; sourceTree = "<group>"; };
		2BEA141D1F44223F0085F550 /* MASLayoutConstraint.h */ = {isa = PBXFileReference; fileEncoding = 4; lastKnownFileType = sourcecode.c.h; path = MASLayoutConstraint.h; sourceTree = "<group>"; };
		2BEA141E1F44223F0085F550 /* MASLayoutConstraint.m */ = {isa = PBXFileReference; fileEncoding = 4; lastKnownFileType = sourcecode.c.objc; path = MASLayoutConstraint.m; sourceTree = "<group>"; };
		2BEA141F1F44223F0085F550 /* Masonry.h */ = {isa = PBXFileReference; fileEncoding = 4; lastKnownFileType = sourcecode.c.h; path = Masonry.h; sourceTree = "<group>"; };
		2BEA14201F44223F0085F550 /* MASUtilities.h */ = {isa = PBXFileReference; fileEncoding = 4; lastKnownFileType = sourcecode.c.h; path = MASUtilities.h; sourceTree = "<group>"; };
		2BEA14211F44223F0085F550 /* MASViewAttribute.h */ = {isa = PBXFileReference; fileEncoding = 4; lastKnownFileType = sourcecode.c.h; path = MASViewAttribute.h; sourceTree = "<group>"; };
		2BEA14221F44223F0085F550 /* MASViewAttribute.m */ = {isa = PBXFileReference; fileEncoding = 4; lastKnownFileType = sourcecode.c.objc; path = MASViewAttribute.m; sourceTree = "<group>"; };
		2BEA14231F44223F0085F550 /* MASViewConstraint.h */ = {isa = PBXFileReference; fileEncoding = 4; lastKnownFileType = sourcecode.c.h; path = MASViewConstraint.h; sourceTree = "<group>"; };
		2BEA14241F44223F0085F550 /* MASViewConstraint.m */ = {isa = PBXFileReference; fileEncoding = 4; lastKnownFileType = sourcecode.c.objc; path = MASViewConstraint.m; sourceTree = "<group>"; };
		2BEA14251F44223F0085F550 /* NSArray+MASAdditions.h */ = {isa = PBXFileReference; fileEncoding = 4; lastKnownFileType = sourcecode.c.h; path = "NSArray+MASAdditions.h"; sourceTree = "<group>"; };
		2BEA14261F44223F0085F550 /* NSArray+MASAdditions.m */ = {isa = PBXFileReference; fileEncoding = 4; lastKnownFileType = sourcecode.c.objc; path = "NSArray+MASAdditions.m"; sourceTree = "<group>"; };
		2BEA14271F44223F0085F550 /* NSArray+MASShorthandAdditions.h */ = {isa = PBXFileReference; fileEncoding = 4; lastKnownFileType = sourcecode.c.h; path = "NSArray+MASShorthandAdditions.h"; sourceTree = "<group>"; };
		2BEA14281F44223F0085F550 /* NSLayoutConstraint+MASDebugAdditions.h */ = {isa = PBXFileReference; fileEncoding = 4; lastKnownFileType = sourcecode.c.h; path = "NSLayoutConstraint+MASDebugAdditions.h"; sourceTree = "<group>"; };
		2BEA14291F44223F0085F550 /* NSLayoutConstraint+MASDebugAdditions.m */ = {isa = PBXFileReference; fileEncoding = 4; lastKnownFileType = sourcecode.c.objc; path = "NSLayoutConstraint+MASDebugAdditions.m"; sourceTree = "<group>"; };
		2BEA142A1F44223F0085F550 /* View+MASAdditions.h */ = {isa = PBXFileReference; fileEncoding = 4; lastKnownFileType = sourcecode.c.h; path = "View+MASAdditions.h"; sourceTree = "<group>"; };
		2BEA142B1F44223F0085F550 /* View+MASAdditions.m */ = {isa = PBXFileReference; fileEncoding = 4; lastKnownFileType = sourcecode.c.objc; path = "View+MASAdditions.m"; sourceTree = "<group>"; };
		2BEA142C1F44223F0085F550 /* View+MASShorthandAdditions.h */ = {isa = PBXFileReference; fileEncoding = 4; lastKnownFileType = sourcecode.c.h; path = "View+MASShorthandAdditions.h"; sourceTree = "<group>"; };
		2BEA142D1F44223F0085F550 /* ViewController+MASAdditions.h */ = {isa = PBXFileReference; fileEncoding = 4; lastKnownFileType = sourcecode.c.h; path = "ViewController+MASAdditions.h"; sourceTree = "<group>"; };
		2BEA142E1F44223F0085F550 /* ViewController+MASAdditions.m */ = {isa = PBXFileReference; fileEncoding = 4; lastKnownFileType = sourcecode.c.objc; path = "ViewController+MASAdditions.m"; sourceTree = "<group>"; };
		2BF34B531FD5538400F30ECD /* JLLunBoCollectionViewCell.h */ = {isa = PBXFileReference; fileEncoding = 4; lastKnownFileType = sourcecode.c.h; path = JLLunBoCollectionViewCell.h; sourceTree = "<group>"; };
		2BF34B541FD5538400F30ECD /* JLLunBoCollectionViewCell.m */ = {isa = PBXFileReference; fileEncoding = 4; lastKnownFileType = sourcecode.c.objc; path = JLLunBoCollectionViewCell.m; sourceTree = "<group>"; };
		2BF34B551FD5538400F30ECD /* JLLunBoCollectionViewCell.xib */ = {isa = PBXFileReference; fileEncoding = 4; lastKnownFileType = file.xib; path = JLLunBoCollectionViewCell.xib; sourceTree = "<group>"; };
		2BF34B561FD5538400F30ECD /* JLLunboProtocol.h */ = {isa = PBXFileReference; fileEncoding = 4; lastKnownFileType = sourcecode.c.h; path = JLLunboProtocol.h; sourceTree = "<group>"; };
		2BF34B571FD5538400F30ECD /* JLLunBoView.h */ = {isa = PBXFileReference; fileEncoding = 4; lastKnownFileType = sourcecode.c.h; path = JLLunBoView.h; sourceTree = "<group>"; };
		2BF34B581FD5538400F30ECD /* JLLunBoView.m */ = {isa = PBXFileReference; fileEncoding = 4; lastKnownFileType = sourcecode.c.objc; path = JLLunBoView.m; sourceTree = "<group>"; };
		2BF34B591FD5538400F30ECD /* JLPageControl.h */ = {isa = PBXFileReference; fileEncoding = 4; lastKnownFileType = sourcecode.c.h; path = JLPageControl.h; sourceTree = "<group>"; };
		2BF34B5A1FD5538400F30ECD /* JLPageControl.m */ = {isa = PBXFileReference; fileEncoding = 4; lastKnownFileType = sourcecode.c.objc; path = JLPageControl.m; sourceTree = "<group>"; };
		2BF34B5C1FD5538400F30ECD /* banner_grey@2x.png */ = {isa = PBXFileReference; lastKnownFileType = image.png; path = "banner_grey@2x.png"; sourceTree = "<group>"; };
		2BF34B5D1FD5538400F30ECD /* banner_grey@3x.png */ = {isa = PBXFileReference; lastKnownFileType = image.png; path = "banner_grey@3x.png"; sourceTree = "<group>"; };
		2BF34B5E1FD5538400F30ECD /* banner_orange@2x.png */ = {isa = PBXFileReference; lastKnownFileType = image.png; path = "banner_orange@2x.png"; sourceTree = "<group>"; };
		2BF34B5F1FD5538400F30ECD /* banner_orange@3x.png */ = {isa = PBXFileReference; lastKnownFileType = image.png; path = "banner_orange@3x.png"; sourceTree = "<group>"; };
		2BF34B601FD5538400F30ECD /* UIView+FrameHelp.h */ = {isa = PBXFileReference; fileEncoding = 4; lastKnownFileType = sourcecode.c.h; path = "UIView+FrameHelp.h"; sourceTree = "<group>"; };
		2BF34B611FD5538400F30ECD /* UIView+FrameHelp.m */ = {isa = PBXFileReference; fileEncoding = 4; lastKnownFileType = sourcecode.c.objc; path = "UIView+FrameHelp.m"; sourceTree = "<group>"; };
/* End PBXFileReference section */

/* Begin PBXFrameworksBuildPhase section */
		2B1571061F317F91000EAB4A /* Frameworks */ = {
			isa = PBXFrameworksBuildPhase;
			buildActionMask = 2147483647;
			files = (
			);
			runOnlyForDeploymentPostprocessing = 0;
		};
/* End PBXFrameworksBuildPhase section */

/* Begin PBXGroup section */
		2B1571001F317F91000EAB4A = {
			isa = PBXGroup;
			children = (
				2B15710B1F317F91000EAB4A /* JLCycleScrollerView */,
				2B15710A1F317F91000EAB4A /* Products */,
			);
			sourceTree = "<group>";
		};
		2B15710A1F317F91000EAB4A /* Products */ = {
			isa = PBXGroup;
			children = (
				2B1571091F317F91000EAB4A /* JLCycleScrollerView.app */,
			);
			name = Products;
			sourceTree = "<group>";
		};
		2B15710B1F317F91000EAB4A /* JLCycleScrollerView */ = {
			isa = PBXGroup;
			children = (
				2BEA14151F44223F0085F550 /* Masonry */,
				2B15716D1F318057000EAB4A /* icon */,
				2B15713C1F318001000EAB4A /* SDWebImage */,
				2B15710F1F317F91000EAB4A /* AppDelegate.h */,
				2B1571101F317F91000EAB4A /* AppDelegate.m */,
				2BF34B521FD5538400F30ECD /* JLCycleScrollView */,
				2BEA13291F3C61510085F550 /* RootViewController.h */,
				2BEA132A1F3C61510085F550 /* RootViewController.m */,
				2B15717C1F31BCAB000EAB4A /* SBTestViewController.h */,
				2B15717D1F31BCAB000EAB4A /* SBTestViewController.m */,
				2B1571151F317F91000EAB4A /* Main.storyboard */,
				2B1571181F317F91000EAB4A /* Assets.xcassets */,
				2B15711A1F317F91000EAB4A /* LaunchScreen.storyboard */,
				2B15711D1F317F91000EAB4A /* Info.plist */,
				2B15710C1F317F91000EAB4A /* Supporting Files */,
			);
			path = JLCycleScrollerView;
			sourceTree = "<group>";
		};
		2B15710C1F317F91000EAB4A /* Supporting Files */ = {
			isa = PBXGroup;
			children = (
				2B15710D1F317F91000EAB4A /* main.m */,
			);
			name = "Supporting Files";
			sourceTree = "<group>";
		};
		2B15713C1F318001000EAB4A /* SDWebImage */ = {
			isa = PBXGroup;
			children = (
				2B15713D1F318001000EAB4A /* LICENSE */,
				2B15713E1F318001000EAB4A /* README.md */,
				2B15713F1F318001000EAB4A /* SDWebImage */,
			);
			path = SDWebImage;
			sourceTree = "<group>";
		};
		2B15713F1F318001000EAB4A /* SDWebImage */ = {
			isa = PBXGroup;
			children = (
				2B1571401F318001000EAB4A /* NSData+ImageContentType.h */,
				2B1571411F318001000EAB4A /* NSData+ImageContentType.m */,
				2B1571421F318001000EAB4A /* SDImageCache.h */,
				2B1571431F318001000EAB4A /* SDImageCache.m */,
				2B1571441F318001000EAB4A /* SDWebImageCompat.h */,
				2B1571451F318001000EAB4A /* SDWebImageCompat.m */,
				2B1571461F318001000EAB4A /* SDWebImageDecoder.h */,
				2B1571471F318001000EAB4A /* SDWebImageDecoder.m */,
				2B1571481F318001000EAB4A /* SDWebImageDownloader.h */,
				2B1571491F318001000EAB4A /* SDWebImageDownloader.m */,
				2B15714A1F318001000EAB4A /* SDWebImageDownloaderOperation.h */,
				2B15714B1F318001000EAB4A /* SDWebImageDownloaderOperation.m */,
				2B15714C1F318001000EAB4A /* SDWebImageManager.h */,
				2B15714D1F318001000EAB4A /* SDWebImageManager.m */,
				2B15714E1F318001000EAB4A /* SDWebImageOperation.h */,
				2B15714F1F318001000EAB4A /* SDWebImagePrefetcher.h */,
				2B1571501F318001000EAB4A /* SDWebImagePrefetcher.m */,
				2B1571511F318001000EAB4A /* UIButton+WebCache.h */,
				2B1571521F318001000EAB4A /* UIButton+WebCache.m */,
				2B1571531F318001000EAB4A /* UIImage+GIF.h */,
				2B1571541F318001000EAB4A /* UIImage+GIF.m */,
				2B1571551F318001000EAB4A /* UIImage+MultiFormat.h */,
				2B1571561F318001000EAB4A /* UIImage+MultiFormat.m */,
				2B1571571F318001000EAB4A /* UIImageView+HighlightedWebCache.h */,
				2B1571581F318001000EAB4A /* UIImageView+HighlightedWebCache.m */,
				2B1571591F318001000EAB4A /* UIImageView+WebCache.h */,
				2B15715A1F318001000EAB4A /* UIImageView+WebCache.m */,
				2B15715B1F318001000EAB4A /* UIView+WebCacheOperation.h */,
				2B15715C1F318001000EAB4A /* UIView+WebCacheOperation.m */,
			);
			path = SDWebImage;
			sourceTree = "<group>";
		};
		2B15716D1F318057000EAB4A /* icon */ = {
			isa = PBXGroup;
			children = (
				2B15716E1F318057000EAB4A /* 1.jpg */,
				2B15716F1F318057000EAB4A /* 2.jpg */,
				2B1571701F318057000EAB4A /* 3.jpg */,
				2B1571711F318057000EAB4A /* 4.jpg */,
				2B1571721F318057000EAB4A /* 5.jpg */,
				2B1571731F318057000EAB4A /* 6.jpg */,
				2B1571741F318057000EAB4A /* 7.jpg */,
			);
			path = icon;
			sourceTree = "<group>";
		};
		2BEA14151F44223F0085F550 /* Masonry */ = {
			isa = PBXGroup;
			children = (
				2BEA14161F44223F0085F550 /* MASCompositeConstraint.h */,
				2BEA14171F44223F0085F550 /* MASCompositeConstraint.m */,
				2BEA14181F44223F0085F550 /* MASConstraint+Private.h */,
				2BEA14191F44223F0085F550 /* MASConstraint.h */,
				2BEA141A1F44223F0085F550 /* MASConstraint.m */,
				2BEA141B1F44223F0085F550 /* MASConstraintMaker.h */,
				2BEA141C1F44223F0085F550 /* MASConstraintMaker.m */,
				2BEA141D1F44223F0085F550 /* MASLayoutConstraint.h */,
				2BEA141E1F44223F0085F550 /* MASLayoutConstraint.m */,
				2BEA141F1F44223F0085F550 /* Masonry.h */,
				2BEA14201F44223F0085F550 /* MASUtilities.h */,
				2BEA14211F44223F0085F550 /* MASViewAttribute.h */,
				2BEA14221F44223F0085F550 /* MASViewAttribute.m */,
				2BEA14231F44223F0085F550 /* MASViewConstraint.h */,
				2BEA14241F44223F0085F550 /* MASViewConstraint.m */,
				2BEA14251F44223F0085F550 /* NSArray+MASAdditions.h */,
				2BEA14261F44223F0085F550 /* NSArray+MASAdditions.m */,
				2BEA14271F44223F0085F550 /* NSArray+MASShorthandAdditions.h */,
				2BEA14281F44223F0085F550 /* NSLayoutConstraint+MASDebugAdditions.h */,
				2BEA14291F44223F0085F550 /* NSLayoutConstraint+MASDebugAdditions.m */,
				2BEA142A1F44223F0085F550 /* View+MASAdditions.h */,
				2BEA142B1F44223F0085F550 /* View+MASAdditions.m */,
				2BEA142C1F44223F0085F550 /* View+MASShorthandAdditions.h */,
				2BEA142D1F44223F0085F550 /* ViewController+MASAdditions.h */,
				2BEA142E1F44223F0085F550 /* ViewController+MASAdditions.m */,
			);
			path = Masonry;
			sourceTree = "<group>";
		};
		2BF34B521FD5538400F30ECD /* JLCycleScrollView */ = {
			isa = PBXGroup;
			children = (
				2BF34B531FD5538400F30ECD /* JLLunBoCollectionViewCell.h */,
				2BF34B541FD5538400F30ECD /* JLLunBoCollectionViewCell.m */,
				2BF34B551FD5538400F30ECD /* JLLunBoCollectionViewCell.xib */,
				2BF34B561FD5538400F30ECD /* JLLunboProtocol.h */,
				2BF34B571FD5538400F30ECD /* JLLunBoView.h */,
				2BF34B581FD5538400F30ECD /* JLLunBoView.m */,
				2BF34B591FD5538400F30ECD /* JLPageControl.h */,
				2BF34B5A1FD5538400F30ECD /* JLPageControl.m */,
				2BF34B5B1FD5538400F30ECD /* resource */,
				2BF34B601FD5538400F30ECD /* UIView+FrameHelp.h */,
				2BF34B611FD5538400F30ECD /* UIView+FrameHelp.m */,
			);
			path = JLCycleScrollView;
			sourceTree = "<group>";
		};
		2BF34B5B1FD5538400F30ECD /* resource */ = {
			isa = PBXGroup;
			children = (
				2BF34B5C1FD5538400F30ECD /* banner_grey@2x.png */,
				2BF34B5D1FD5538400F30ECD /* banner_grey@3x.png */,
				2BF34B5E1FD5538400F30ECD /* banner_orange@2x.png */,
				2BF34B5F1FD5538400F30ECD /* banner_orange@3x.png */,
			);
			path = resource;
			sourceTree = "<group>";
		};
/* End PBXGroup section */

/* Begin PBXNativeTarget section */
		2B1571081F317F91000EAB4A /* JLCycleScrollerView */ = {
			isa = PBXNativeTarget;
			buildConfigurationList = 2B1571201F317F91000EAB4A /* Build configuration list for PBXNativeTarget "JLCycleScrollerView" */;
			buildPhases = (
				2B1571051F317F91000EAB4A /* Sources */,
				2B1571061F317F91000EAB4A /* Frameworks */,
				2B1571071F317F91000EAB4A /* Resources */,
			);
			buildRules = (
			);
			dependencies = (
			);
			name = JLCycleScrollerView;
			productName = JLCycleScrollerView;
			productReference = 2B1571091F317F91000EAB4A /* JLCycleScrollerView.app */;
			productType = "com.apple.product-type.application";
		};
/* End PBXNativeTarget section */

/* Begin PBXProject section */
		2B1571011F317F91000EAB4A /* Project object */ = {
			isa = PBXProject;
			attributes = {
				LastUpgradeCheck = 0830;
				ORGANIZATIONNAME = "杨建亮";
				TargetAttributes = {
					2B1571081F317F91000EAB4A = {
						CreatedOnToolsVersion = 8.3.3;
						DevelopmentTeam = 2VZHX58HUJ;
						ProvisioningStyle = Automatic;
					};
				};
			};
			buildConfigurationList = 2B1571041F317F91000EAB4A /* Build configuration list for PBXProject "JLCycleScrollerView" */;
			compatibilityVersion = "Xcode 3.2";
			developmentRegion = English;
			hasScannedForEncodings = 0;
			knownRegions = (
				en,
				Base,
			);
			mainGroup = 2B1571001F317F91000EAB4A;
			productRefGroup = 2B15710A1F317F91000EAB4A /* Products */;
			projectDirPath = "";
			projectRoot = "";
			targets = (
				2B1571081F317F91000EAB4A /* JLCycleScrollerView */,
			);
		};
/* End PBXProject section */

/* Begin PBXResourcesBuildPhase section */
		2B1571071F317F91000EAB4A /* Resources */ = {
			isa = PBXResourcesBuildPhase;
			buildActionMask = 2147483647;
			files = (
				2B1571761F318057000EAB4A /* 2.jpg in Resources */,
				2B15711C1F317F91000EAB4A /* LaunchScreen.storyboard in Resources */,
				2B1571191F317F91000EAB4A /* Assets.xcassets in Resources */,
				2BF34B691FD5538400F30ECD /* banner_orange@3x.png in Resources */,
				2B1571771F318057000EAB4A /* 3.jpg in Resources */,
				2B1571171F317F91000EAB4A /* Main.storyboard in Resources */,
				2B15715D1F318001000EAB4A /* LICENSE in Resources */,
				2B15717A1F318057000EAB4A /* 6.jpg in Resources */,
				2BF34B631FD5538400F30ECD /* JLLunBoCollectionViewCell.xib in Resources */,
				2BF34B671FD5538400F30ECD /* banner_grey@3x.png in Resources */,
				2B15717B1F318057000EAB4A /* 7.jpg in Resources */,
				2B1571791F318057000EAB4A /* 5.jpg in Resources */,
				2BF34B681FD5538400F30ECD /* banner_orange@2x.png in Resources */,
				2B1571751F318057000EAB4A /* 1.jpg in Resources */,
				2BF34B661FD5538400F30ECD /* banner_grey@2x.png in Resources */,
				2B1571781F318057000EAB4A /* 4.jpg in Resources */,
			);
			runOnlyForDeploymentPostprocessing = 0;
		};
/* End PBXResourcesBuildPhase section */

/* Begin PBXSourcesBuildPhase section */
		2B1571051F317F91000EAB4A /* Sources */ = {
			isa = PBXSourcesBuildPhase;
			buildActionMask = 2147483647;
			files = (
				2BEA14341F44223F0085F550 /* MASViewConstraint.m in Sources */,
				2B1571681F318001000EAB4A /* UIImage+GIF.m in Sources */,
				2BEA14351F44223F0085F550 /* NSArray+MASAdditions.m in Sources */,
				2BEA14331F44223F0085F550 /* MASViewAttribute.m in Sources */,
				2BF34B6A1FD5538400F30ECD /* UIView+FrameHelp.m in Sources */,
				2B1571611F318001000EAB4A /* SDWebImageCompat.m in Sources */,
				2BEA14381F44223F0085F550 /* ViewController+MASAdditions.m in Sources */,
				2BEA132B1F3C61510085F550 /* RootViewController.m in Sources */,
				2B1571671F318001000EAB4A /* UIButton+WebCache.m in Sources */,
				2BEA142F1F44223F0085F550 /* MASCompositeConstraint.m in Sources */,
				2B1571691F318001000EAB4A /* UIImage+MultiFormat.m in Sources */,
				2B15716C1F318001000EAB4A /* UIView+WebCacheOperation.m in Sources */,
				2B15717E1F31BCAB000EAB4A /* SBTestViewController.m in Sources */,
				2BEA14301F44223F0085F550 /* MASConstraint.m in Sources */,
				2B1571661F318001000EAB4A /* SDWebImagePrefetcher.m in Sources */,
				2B1571641F318001000EAB4A /* SDWebImageDownloaderOperation.m in Sources */,
				2B1571621F318001000EAB4A /* SDWebImageDecoder.m in Sources */,
				2B1571111F317F91000EAB4A /* AppDelegate.m in Sources */,
				2B15716B1F318001000EAB4A /* UIImageView+WebCache.m in Sources */,
				2B15715F1F318001000EAB4A /* NSData+ImageContentType.m in Sources */,
				2BEA14321F44223F0085F550 /* MASLayoutConstraint.m in Sources */,
				2BEA14371F44223F0085F550 /* View+MASAdditions.m in Sources */,
				2BF34B641FD5538400F30ECD /* JLLunBoView.m in Sources */,
				2B1571631F318001000EAB4A /* SDWebImageDownloader.m in Sources */,
				2B15710E1F317F91000EAB4A /* main.m in Sources */,
				2BF34B621FD5538400F30ECD /* JLLunBoCollectionViewCell.m in Sources */,
				2BEA14361F44223F0085F550 /* NSLayoutConstraint+MASDebugAdditions.m in Sources */,
				2B15715E1F318001000EAB4A /* README.md in Sources */,
				2BEA14311F44223F0085F550 /* MASConstraintMaker.m in Sources */,
				2B1571651F318001000EAB4A /* SDWebImageManager.m in Sources */,
				2B15716A1F318001000EAB4A /* UIImageView+HighlightedWebCache.m in Sources */,
				2BF34B651FD5538400F30ECD /* JLPageControl.m in Sources */,
				2B1571601F318001000EAB4A /* SDImageCache.m in Sources */,
			);
			runOnlyForDeploymentPostprocessing = 0;
		};
/* End PBXSourcesBuildPhase section */

/* Begin PBXVariantGroup section */
		2B1571151F317F91000EAB4A /* Main.storyboard */ = {
			isa = PBXVariantGroup;
			children = (
				2B1571161F317F91000EAB4A /* Base */,
			);
			name = Main.storyboard;
			sourceTree = "<group>";
		};
		2B15711A1F317F91000EAB4A /* LaunchScreen.storyboard */ = {
			isa = PBXVariantGroup;
			children = (
				2B15711B1F317F91000EAB4A /* Base */,
			);
			name = LaunchScreen.storyboard;
			sourceTree = "<group>";
		};
/* End PBXVariantGroup section */

/* Begin XCBuildConfiguration section */
		2B15711E1F317F91000EAB4A /* Debug */ = {
			isa = XCBuildConfiguration;
			buildSettings = {
				ALWAYS_SEARCH_USER_PATHS = NO;
				CLANG_ANALYZER_NONNULL = YES;
				CLANG_ANALYZER_NUMBER_OBJECT_CONVERSION = YES_AGGRESSIVE;
				CLANG_CXX_LANGUAGE_STANDARD = "gnu++0x";
				CLANG_CXX_LIBRARY = "libc++";
				CLANG_ENABLE_MODULES = YES;
				CLANG_ENABLE_OBJC_ARC = YES;
				CLANG_WARN_BOOL_CONVERSION = YES;
				CLANG_WARN_CONSTANT_CONVERSION = YES;
				CLANG_WARN_DIRECT_OBJC_ISA_USAGE = YES_ERROR;
				CLANG_WARN_DOCUMENTATION_COMMENTS = YES;
				CLANG_WARN_EMPTY_BODY = YES;
				CLANG_WARN_ENUM_CONVERSION = YES;
				CLANG_WARN_INFINITE_RECURSION = YES;
				CLANG_WARN_INT_CONVERSION = YES;
				CLANG_WARN_OBJC_ROOT_CLASS = YES_ERROR;
				CLANG_WARN_SUSPICIOUS_MOVE = YES;
				CLANG_WARN_UNREACHABLE_CODE = YES;
				CLANG_WARN__DUPLICATE_METHOD_MATCH = YES;
				"CODE_SIGN_IDENTITY[sdk=iphoneos*]" = "iPhone Developer";
				COPY_PHASE_STRIP = NO;
				DEBUG_INFORMATION_FORMAT = dwarf;
				ENABLE_STRICT_OBJC_MSGSEND = YES;
				ENABLE_TESTABILITY = YES;
				GCC_C_LANGUAGE_STANDARD = gnu99;
				GCC_DYNAMIC_NO_PIC = NO;
				GCC_NO_COMMON_BLOCKS = YES;
				GCC_OPTIMIZATION_LEVEL = 0;
				GCC_PREPROCESSOR_DEFINITIONS = (
					"DEBUG=1",
					"$(inherited)",
				);
				GCC_WARN_64_TO_32_BIT_CONVERSION = YES;
				GCC_WARN_ABOUT_RETURN_TYPE = YES_ERROR;
				GCC_WARN_UNDECLARED_SELECTOR = YES;
				GCC_WARN_UNINITIALIZED_AUTOS = YES_AGGRESSIVE;
				GCC_WARN_UNUSED_FUNCTION = YES;
				GCC_WARN_UNUSED_VARIABLE = YES;
				IPHONEOS_DEPLOYMENT_TARGET = 10.3;
				MTL_ENABLE_DEBUG_INFO = YES;
				ONLY_ACTIVE_ARCH = YES;
				SDKROOT = iphoneos;
			};
			name = Debug;
		};
		2B15711F1F317F91000EAB4A /* Release */ = {
			isa = XCBuildConfiguration;
			buildSettings = {
				ALWAYS_SEARCH_USER_PATHS = NO;
				CLANG_ANALYZER_NONNULL = YES;
				CLANG_ANALYZER_NUMBER_OBJECT_CONVERSION = YES_AGGRESSIVE;
				CLANG_CXX_LANGUAGE_STANDARD = "gnu++0x";
				CLANG_CXX_LIBRARY = "libc++";
				CLANG_ENABLE_MODULES = YES;
				CLANG_ENABLE_OBJC_ARC = YES;
				CLANG_WARN_BOOL_CONVERSION = YES;
				CLANG_WARN_CONSTANT_CONVERSION = YES;
				CLANG_WARN_DIRECT_OBJC_ISA_USAGE = YES_ERROR;
				CLANG_WARN_DOCUMENTATION_COMMENTS = YES;
				CLANG_WARN_EMPTY_BODY = YES;
				CLANG_WARN_ENUM_CONVERSION = YES;
				CLANG_WARN_INFINITE_RECURSION = YES;
				CLANG_WARN_INT_CONVERSION = YES;
				CLANG_WARN_OBJC_ROOT_CLASS = YES_ERROR;
				CLANG_WARN_SUSPICIOUS_MOVE = YES;
				CLANG_WARN_UNREACHABLE_CODE = YES;
				CLANG_WARN__DUPLICATE_METHOD_MATCH = YES;
				"CODE_SIGN_IDENTITY[sdk=iphoneos*]" = "iPhone Developer";
				COPY_PHASE_STRIP = NO;
				DEBUG_INFORMATION_FORMAT = "dwarf-with-dsym";
				ENABLE_NS_ASSERTIONS = NO;
				ENABLE_STRICT_OBJC_MSGSEND = YES;
				GCC_C_LANGUAGE_STANDARD = gnu99;
				GCC_NO_COMMON_BLOCKS = YES;
				GCC_WARN_64_TO_32_BIT_CONVERSION = YES;
				GCC_WARN_ABOUT_RETURN_TYPE = YES_ERROR;
				GCC_WARN_UNDECLARED_SELECTOR = YES;
				GCC_WARN_UNINITIALIZED_AUTOS = YES_AGGRESSIVE;
				GCC_WARN_UNUSED_FUNCTION = YES;
				GCC_WARN_UNUSED_VARIABLE = YES;
				IPHONEOS_DEPLOYMENT_TARGET = 10.3;
				MTL_ENABLE_DEBUG_INFO = NO;
				SDKROOT = iphoneos;
				VALIDATE_PRODUCT = YES;
			};
			name = Release;
		};
		2B1571211F317F91000EAB4A /* Debug */ = {
			isa = XCBuildConfiguration;
			buildSettings = {
				ASSETCATALOG_COMPILER_APPICON_NAME = AppIcon;
				DEVELOPMENT_TEAM = 2VZHX58HUJ;
				INFOPLIST_FILE = JLCycleScrollerView/Info.plist;
				IPHONEOS_DEPLOYMENT_TARGET = 8.0;
				LD_RUNPATH_SEARCH_PATHS = "$(inherited) @executable_path/Frameworks";
				PRODUCT_BUNDLE_IDENTIFIER = com.yang.JLCycleScrollerView;
				PRODUCT_NAME = "$(TARGET_NAME)";
			};
			name = Debug;
		};
		2B1571221F317F91000EAB4A /* Release */ = {
			isa = XCBuildConfiguration;
			buildSettings = {
				ASSETCATALOG_COMPILER_APPICON_NAME = AppIcon;
				DEVELOPMENT_TEAM = 2VZHX58HUJ;
				INFOPLIST_FILE = JLCycleScrollerView/Info.plist;
				IPHONEOS_DEPLOYMENT_TARGET = 8.0;
				LD_RUNPATH_SEARCH_PATHS = "$(inherited) @executable_path/Frameworks";
				PRODUCT_BUNDLE_IDENTIFIER = com.yang.JLCycleScrollerView;
				PRODUCT_NAME = "$(TARGET_NAME)";
			};
			name = Release;
		};
/* End XCBuildConfiguration section */

/* Begin XCConfigurationList section */
		2B1571041F317F91000EAB4A /* Build configuration list for PBXProject "JLCycleScrollerView" */ = {
			isa = XCConfigurationList;
			buildConfigurations = (
				2B15711E1F317F91000EAB4A /* Debug */,
				2B15711F1F317F91000EAB4A /* Release */,
			);
			defaultConfigurationIsVisible = 0;
			defaultConfigurationName = Release;
		};
		2B1571201F317F91000EAB4A /* Build configuration list for PBXNativeTarget "JLCycleScrollerView" */ = {
			isa = XCConfigurationList;
			buildConfigurations = (
				2B1571211F317F91000EAB4A /* Debug */,
				2B1571221F317F91000EAB4A /* Release */,
			);
			defaultConfigurationIsVisible = 0;
			defaultConfigurationName = Release;
		};
/* End XCConfigurationList section */
	};
	rootObject = 2B1571011F317F91000EAB4A /* Project object */;
}
