// !$*UTF8*$!
{
	archiveVersion = 1;
	classes = {
	};
	objectVersion = 50;
	objects = {

/* Begin PBXBuildFile section */
		2B4FB1B92177245A00C7BA5C /* AppDelegate.m in Sources */ = {isa = PBXBuildFile; fileRef = 2B4FB1B82177245A00C7BA5C /* AppDelegate.m */; };
		2B4FB1BC2177245A00C7BA5C /* ViewController.m in Sources */ = {isa = PBXBuildFile; fileRef = 2B4FB1BB2177245A00C7BA5C /* ViewController.m */; };
		2B4FB1BF2177245A00C7BA5C /* Main.storyboard in Resources */ = {isa = PBXBuildFile; fileRef = 2B4FB1BD2177245A00C7BA5C /* Main.storyboard */; };
		2B4FB1C12177245B00C7BA5C /* Assets.xcassets in Resources */ = {isa = PBXBuildFile; fileRef = 2B4FB1C02177245B00C7BA5C /* Assets.xcassets */; };
		2B4FB1C42177245B00C7BA5C /* LaunchScreen.storyboard in Resources */ = {isa = PBXBuildFile; fileRef = 2B4FB1C22177245B00C7BA5C /* LaunchScreen.storyboard */; };
		2B4FB1C72177245B00C7BA5C /* main.m in Sources */ = {isa = PBXBuildFile; fileRef = 2B4FB1C62177245B00C7BA5C /* main.m */; };
		2B4FB1EF217724BF00C7BA5C /* BBViewController.m in Sources */ = {isa = PBXBuildFile; fileRef = 2B4FB1DC217724BF00C7BA5C /* BBViewController.m */; };
		2B4FB1F0217724BF00C7BA5C /* Demo3ViewController.m in Sources */ = {isa = PBXBuildFile; fileRef = 2B4FB1DD217724BF00C7BA5C /* Demo3ViewController.m */; };
		2B4FB1F1217724BF00C7BA5C /* GGViewController.m in Sources */ = {isa = PBXBuildFile; fileRef = 2B4FB1DF217724BF00C7BA5C /* GGViewController.m */; };
		2B4FB1F2217724BF00C7BA5C /* EEViewController.m in Sources */ = {isa = PBXBuildFile; fileRef = 2B4FB1E2217724BF00C7BA5C /* EEViewController.m */; };
		2B4FB1F3217724BF00C7BA5C /* DDViewController.m in Sources */ = {isa = PBXBuildFile; fileRef = 2B4FB1E6217724BF00C7BA5C /* DDViewController.m */; };
		2B4FB1F4217724BF00C7BA5C /* CCViewController.m in Sources */ = {isa = PBXBuildFile; fileRef = 2B4FB1E7217724BF00C7BA5C /* CCViewController.m */; };
		2B4FB1F5217724BF00C7BA5C /* FFViewController.m in Sources */ = {isa = PBXBuildFile; fileRef = 2B4FB1EA217724BF00C7BA5C /* FFViewController.m */; };
		2B4FB1F6217724BF00C7BA5C /* AAViewController.m in Sources */ = {isa = PBXBuildFile; fileRef = 2B4FB1EE217724BF00C7BA5C /* AAViewController.m */; };
		2B4FB1FE217724C700C7BA5C /* Demo1ViewController.m in Sources */ = {isa = PBXBuildFile; fileRef = 2B4FB1FA217724C700C7BA5C /* Demo1ViewController.m */; };
		2B4FB1FF217724C700C7BA5C /* Demo4ViewController.m in Sources */ = {isa = PBXBuildFile; fileRef = 2B4FB1FB217724C700C7BA5C /* Demo4ViewController.m */; };
		2B4FB200217724C700C7BA5C /* Demo2ViewController.m in Sources */ = {isa = PBXBuildFile; fileRef = 2B4FB1FC217724C700C7BA5C /* Demo2ViewController.m */; };
		2B4FB225217725C300C7BA5C /* 005.jpg in Resources */ = {isa = PBXBuildFile; fileRef = 2B4FB202217725C300C7BA5C /* 005.jpg */; };
		2B4FB226217725C300C7BA5C /* snow.png in Resources */ = {isa = PBXBuildFile; fileRef = 2B4FB203217725C300C7BA5C /* snow.png */; };
		2B4FB227217725C300C7BA5C /* tree.png in Resources */ = {isa = PBXBuildFile; fileRef = 2B4FB204217725C300C7BA5C /* tree.png */; };
		2B4FB228217725C300C7BA5C /* flower.png in Resources */ = {isa = PBXBuildFile; fileRef = 2B4FB205217725C300C7BA5C /* flower.png */; };
		2B4FB229217725C300C7BA5C /* good6_30x30_@3x.png in Resources */ = {isa = PBXBuildFile; fileRef = 2B4FB208217725C300C7BA5C /* good6_30x30_@3x.png */; };
		2B4FB22A217725C300C7BA5C /* good6_30x30_@2x.png in Resources */ = {isa = PBXBuildFile; fileRef = 2B4FB209217725C300C7BA5C /* good6_30x30_@2x.png */; };
		2B4FB22B217725C300C7BA5C /* good1_30x30_@2x.png in Resources */ = {isa = PBXBuildFile; fileRef = 2B4FB20B217725C300C7BA5C /* good1_30x30_@2x.png */; };
		2B4FB22C217725C300C7BA5C /* good1_30x30_@3x.png in Resources */ = {isa = PBXBuildFile; fileRef = 2B4FB20C217725C300C7BA5C /* good1_30x30_@3x.png */; };
		2B4FB22D217725C300C7BA5C /* good9_30x30_@3x.png in Resources */ = {isa = PBXBuildFile; fileRef = 2B4FB20E217725C300C7BA5C /* good9_30x30_@3x.png */; };
		2B4FB22E217725C300C7BA5C /* good9_30x30_@2x.png in Resources */ = {isa = PBXBuildFile; fileRef = 2B4FB20F217725C300C7BA5C /* good9_30x30_@2x.png */; };
		2B4FB22F217725C300C7BA5C /* good8_30x30_@2x.png in Resources */ = {isa = PBXBuildFile; fileRef = 2B4FB211217725C300C7BA5C /* good8_30x30_@2x.png */; };
		2B4FB230217725C300C7BA5C /* good8_30x30_@3x.png in Resources */ = {isa = PBXBuildFile; fileRef = 2B4FB212217725C300C7BA5C /* good8_30x30_@3x.png */; };
		2B4FB231217725C300C7BA5C /* good7_30x30_@2x.png in Resources */ = {isa = PBXBuildFile; fileRef = 2B4FB214217725C300C7BA5C /* good7_30x30_@2x.png */; };
		2B4FB232217725C300C7BA5C /* good7_30x30_@3x.png in Resources */ = {isa = PBXBuildFile; fileRef = 2B4FB215217725C300C7BA5C /* good7_30x30_@3x.png */; };
		2B4FB233217725C300C7BA5C /* good5_30x30_@2x.png in Resources */ = {isa = PBXBuildFile; fileRef = 2B4FB217217725C300C7BA5C /* good5_30x30_@2x.png */; };
		2B4FB234217725C300C7BA5C /* good5_30x30_@3x.png in Resources */ = {isa = PBXBuildFile; fileRef = 2B4FB218217725C300C7BA5C /* good5_30x30_@3x.png */; };
		2B4FB235217725C300C7BA5C /* good2_30x30_@3x.png in Resources */ = {isa = PBXBuildFile; fileRef = 2B4FB21A217725C300C7BA5C /* good2_30x30_@3x.png */; };
		2B4FB236217725C300C7BA5C /* good2_30x30_@2x.png in Resources */ = {isa = PBXBuildFile; fileRef = 2B4FB21B217725C300C7BA5C /* good2_30x30_@2x.png */; };
		2B4FB237217725C300C7BA5C /* good3_30x30_@2x.png in Resources */ = {isa = PBXBuildFile; fileRef = 2B4FB21D217725C300C7BA5C /* good3_30x30_@2x.png */; };
		2B4FB238217725C300C7BA5C /* good3_30x30_@3x.png in Resources */ = {isa = PBXBuildFile; fileRef = 2B4FB21E217725C300C7BA5C /* good3_30x30_@3x.png */; };
		2B4FB239217725C300C7BA5C /* good4_30x30_@3x.png in Resources */ = {isa = PBXBuildFile; fileRef = 2B4FB220217725C300C7BA5C /* good4_30x30_@3x.png */; };
		2B4FB23A217725C300C7BA5C /* good4_30x30_@2x.png in Resources */ = {isa = PBXBuildFile; fileRef = 2B4FB221217725C300C7BA5C /* good4_30x30_@2x.png */; };
		2B4FB23B217725C300C7BA5C /* cat_food_18x12_@3x.png in Resources */ = {isa = PBXBuildFile; fileRef = 2B4FB223217725C300C7BA5C /* cat_food_18x12_@3x.png */; };
		2B4FB23C217725C300C7BA5C /* cat_food_18x12_@2x.png in Resources */ = {isa = PBXBuildFile; fileRef = 2B4FB224217725C300C7BA5C /* cat_food_18x12_@2x.png */; };
/* End PBXBuildFile section */

/* Begin PBXFileReference section */
		2B4FB1B42177245A00C7BA5C /* QuartzCore框架api使用.app */ = {isa = PBXFileReference; explicitFileType = wrapper.application; includeInIndex = 0; path = "QuartzCore框架api使用.app"; sourceTree = BUILT_PRODUCTS_DIR; };
		2B4FB1B72177245A00C7BA5C /* AppDelegate.h */ = {isa = PBXFileReference; lastKnownFileType = sourcecode.c.h; path = AppDelegate.h; sourceTree = "<group>"; };
		2B4FB1B82177245A00C7BA5C /* AppDelegate.m */ = {isa = PBXFileReference; lastKnownFileType = sourcecode.c.objc; path = AppDelegate.m; sourceTree = "<group>"; };
		2B4FB1BA2177245A00C7BA5C /* ViewController.h */ = {isa = PBXFileReference; lastKnownFileType = sourcecode.c.h; path = ViewController.h; sourceTree = "<group>"; };
		2B4FB1BB2177245A00C7BA5C /* ViewController.m */ = {isa = PBXFileReference; lastKnownFileType = sourcecode.c.objc; path = ViewController.m; sourceTree = "<group>"; };
		2B4FB1BE2177245A00C7BA5C /* Base */ = {isa = PBXFileReference; lastKnownFileType = file.storyboard; name = Base; path = Base.lproj/Main.storyboard; sourceTree = "<group>"; };
		2B4FB1C02177245B00C7BA5C /* Assets.xcassets */ = {isa = PBXFileReference; lastKnownFileType = folder.assetcatalog; path = Assets.xcassets; sourceTree = "<group>"; };
		2B4FB1C32177245B00C7BA5C /* Base */ = {isa = PBXFileReference; lastKnownFileType = file.storyboard; name = Base; path = Base.lproj/LaunchScreen.storyboard; sourceTree = "<group>"; };
		2B4FB1C52177245B00C7BA5C /* Info.plist */ = {isa = PBXFileReference; lastKnownFileType = text.plist.xml; path = Info.plist; sourceTree = "<group>"; };
		2B4FB1C62177245B00C7BA5C /* main.m */ = {isa = PBXFileReference; lastKnownFileType = sourcecode.c.objc; path = main.m; sourceTree = "<group>"; };
		2B4FB1DA217724BF00C7BA5C /* Demo3ViewController.h */ = {isa = PBXFileReference; fileEncoding = 4; lastKnownFileType = sourcecode.c.h; path = Demo3ViewController.h; sourceTree = "<group>"; };
		2B4FB1DB217724BF00C7BA5C /* BBViewController.h */ = {isa = PBXFileReference; fileEncoding = 4; lastKnownFileType = sourcecode.c.h; path = BBViewController.h; sourceTree = "<group>"; };
		2B4FB1DC217724BF00C7BA5C /* BBViewController.m */ = {isa = PBXFileReference; fileEncoding = 4; lastKnownFileType = sourcecode.c.objc; path = BBViewController.m; sourceTree = "<group>"; };
		2B4FB1DD217724BF00C7BA5C /* Demo3ViewController.m */ = {isa = PBXFileReference; fileEncoding = 4; lastKnownFileType = sourcecode.c.objc; path = Demo3ViewController.m; sourceTree = "<group>"; };
		2B4FB1DF217724BF00C7BA5C /* GGViewController.m */ = {isa = PBXFileReference; fileEncoding = 4; lastKnownFileType = sourcecode.c.objc; path = GGViewController.m; sourceTree = "<group>"; };
		2B4FB1E0217724BF00C7BA5C /* GGViewController.h */ = {isa = PBXFileReference; fileEncoding = 4; lastKnownFileType = sourcecode.c.h; path = GGViewController.h; sourceTree = "<group>"; };
		2B4FB1E2217724BF00C7BA5C /* EEViewController.m */ = {isa = PBXFileReference; fileEncoding = 4; lastKnownFileType = sourcecode.c.objc; path = EEViewController.m; sourceTree = "<group>"; };
		2B4FB1E3217724BF00C7BA5C /* EEViewController.h */ = {isa = PBXFileReference; fileEncoding = 4; lastKnownFileType = sourcecode.c.h; path = EEViewController.h; sourceTree = "<group>"; };
		2B4FB1E5217724BF00C7BA5C /* CCViewController.h */ = {isa = PBXFileReference; fileEncoding = 4; lastKnownFileType = sourcecode.c.h; path = CCViewController.h; sourceTree = "<group>"; };
		2B4FB1E6217724BF00C7BA5C /* DDViewController.m */ = {isa = PBXFileReference; fileEncoding = 4; lastKnownFileType = sourcecode.c.objc; path = DDViewController.m; sourceTree = "<group>"; };
		2B4FB1E7217724BF00C7BA5C /* CCViewController.m */ = {isa = PBXFileReference; fileEncoding = 4; lastKnownFileType = sourcecode.c.objc; path = CCViewController.m; sourceTree = "<group>"; };
		2B4FB1E8217724BF00C7BA5C /* DDViewController.h */ = {isa = PBXFileReference; fileEncoding = 4; lastKnownFileType = sourcecode.c.h; path = DDViewController.h; sourceTree = "<group>"; };
		2B4FB1EA217724BF00C7BA5C /* FFViewController.m */ = {isa = PBXFileReference; fileEncoding = 4; lastKnownFileType = sourcecode.c.objc; path = FFViewController.m; sourceTree = "<group>"; };
		2B4FB1EB217724BF00C7BA5C /* FFViewController.h */ = {isa = PBXFileReference; fileEncoding = 4; lastKnownFileType = sourcecode.c.h; path = FFViewController.h; sourceTree = "<group>"; };
		2B4FB1ED217724BF00C7BA5C /* AAViewController.h */ = {isa = PBXFileReference; fileEncoding = 4; lastKnownFileType = sourcecode.c.h; path = AAViewController.h; sourceTree = "<group>"; };
		2B4FB1EE217724BF00C7BA5C /* AAViewController.m */ = {isa = PBXFileReference; fileEncoding = 4; lastKnownFileType = sourcecode.c.objc; path = AAViewController.m; sourceTree = "<group>"; };
		2B4FB1F8217724C700C7BA5C /* Demo4ViewController.h */ = {isa = PBXFileReference; fileEncoding = 4; lastKnownFileType = sourcecode.c.h; path = Demo4ViewController.h; sourceTree = "<group>"; };
		2B4FB1F9217724C700C7BA5C /* Demo2ViewController.h */ = {isa = PBXFileReference; fileEncoding = 4; lastKnownFileType = sourcecode.c.h; path = Demo2ViewController.h; sourceTree = "<group>"; };
		2B4FB1FA217724C700C7BA5C /* Demo1ViewController.m */ = {isa = PBXFileReference; fileEncoding = 4; lastKnownFileType = sourcecode.c.objc; path = Demo1ViewController.m; sourceTree = "<group>"; };
		2B4FB1FB217724C700C7BA5C /* Demo4ViewController.m */ = {isa = PBXFileReference; fileEncoding = 4; lastKnownFileType = sourcecode.c.objc; path = Demo4ViewController.m; sourceTree = "<group>"; };
		2B4FB1FC217724C700C7BA5C /* Demo2ViewController.m */ = {isa = PBXFileReference; fileEncoding = 4; lastKnownFileType = sourcecode.c.objc; path = Demo2ViewController.m; sourceTree = "<group>"; };
		2B4FB1FD217724C700C7BA5C /* Demo1ViewController.h */ = {isa = PBXFileReference; fileEncoding = 4; lastKnownFileType = sourcecode.c.h; path = Demo1ViewController.h; sourceTree = "<group>"; };
		2B4FB202217725C300C7BA5C /* 005.jpg */ = {isa = PBXFileReference; lastKnownFileType = image.jpeg; path = 005.jpg; sourceTree = "<group>"; };
		2B4FB203217725C300C7BA5C /* snow.png */ = {isa = PBXFileReference; lastKnownFileType = image.png; path = snow.png; sourceTree = "<group>"; };
		2B4FB204217725C300C7BA5C /* tree.png */ = {isa = PBXFileReference; lastKnownFileType = image.png; path = tree.png; sourceTree = "<group>"; };
		2B4FB205217725C300C7BA5C /* flower.png */ = {isa = PBXFileReference; lastKnownFileType = image.png; path = flower.png; sourceTree = "<group>"; };
		2B4FB208217725C300C7BA5C /* good6_30x30_@3x.png */ = {isa = PBXFileReference; lastKnownFileType = image.png; path = "good6_30x30_@3x.png"; sourceTree = "<group>"; };
		2B4FB209217725C300C7BA5C /* good6_30x30_@2x.png */ = {isa = PBXFileReference; lastKnownFileType = image.png; path = "good6_30x30_@2x.png"; sourceTree = "<group>"; };
		2B4FB20B217725C300C7BA5C /* good1_30x30_@2x.png */ = {isa = PBXFileReference; lastKnownFileType = image.png; path = "good1_30x30_@2x.png"; sourceTree = "<group>"; };
		2B4FB20C217725C300C7BA5C /* good1_30x30_@3x.png */ = {isa = PBXFileReference; lastKnownFileType = image.png; path = "good1_30x30_@3x.png"; sourceTree = "<group>"; };
		2B4FB20E217725C300C7BA5C /* good9_30x30_@3x.png */ = {isa = PBXFileReference; lastKnownFileType = image.png; path = "good9_30x30_@3x.png"; sourceTree = "<group>"; };
		2B4FB20F217725C300C7BA5C /* good9_30x30_@2x.png */ = {isa = PBXFileReference; lastKnownFileType = image.png; path = "good9_30x30_@2x.png"; sourceTree = "<group>"; };
		2B4FB211217725C300C7BA5C /* good8_30x30_@2x.png */ = {isa = PBXFileReference; lastKnownFileType = image.png; path = "good8_30x30_@2x.png"; sourceTree = "<group>"; };
		2B4FB212217725C300C7BA5C /* good8_30x30_@3x.png */ = {isa = PBXFileReference; lastKnownFileType = image.png; path = "good8_30x30_@3x.png"; sourceTree = "<group>"; };
		2B4FB214217725C300C7BA5C /* good7_30x30_@2x.png */ = {isa = PBXFileReference; lastKnownFileType = image.png; path = "good7_30x30_@2x.png"; sourceTree = "<group>"; };
		2B4FB215217725C300C7BA5C /* good7_30x30_@3x.png */ = {isa = PBXFileReference; lastKnownFileType = image.png; path = "good7_30x30_@3x.png"; sourceTree = "<group>"; };
		2B4FB217217725C300C7BA5C /* good5_30x30_@2x.png */ = {isa = PBXFileReference; lastKnownFileType = image.png; path = "good5_30x30_@2x.png"; sourceTree = "<group>"; };
		2B4FB218217725C300C7BA5C /* good5_30x30_@3x.png */ = {isa = PBXFileReference; lastKnownFileType = image.png; path = "good5_30x30_@3x.png"; sourceTree = "<group>"; };
		2B4FB21A217725C300C7BA5C /* good2_30x30_@3x.png */ = {isa = PBXFileReference; lastKnownFileType = image.png; path = "good2_30x30_@3x.png"; sourceTree = "<group>"; };
		2B4FB21B217725C300C7BA5C /* good2_30x30_@2x.png */ = {isa = PBXFileReference; lastKnownFileType = image.png; path = "good2_30x30_@2x.png"; sourceTree = "<group>"; };
		2B4FB21D217725C300C7BA5C /* good3_30x30_@2x.png */ = {isa = PBXFileReference; lastKnownFileType = image.png; path = "good3_30x30_@2x.png"; sourceTree = "<group>"; };
		2B4FB21E217725C300C7BA5C /* good3_30x30_@3x.png */ = {isa = PBXFileReference; lastKnownFileType = image.png; path = "good3_30x30_@3x.png"; sourceTree = "<group>"; };
		2B4FB220217725C300C7BA5C /* good4_30x30_@3x.png */ = {isa = PBXFileReference; lastKnownFileType = image.png; path = "good4_30x30_@3x.png"; sourceTree = "<group>"; };
		2B4FB221217725C300C7BA5C /* good4_30x30_@2x.png */ = {isa = PBXFileReference; lastKnownFileType = image.png; path = "good4_30x30_@2x.png"; sourceTree = "<group>"; };
		2B4FB223217725C300C7BA5C /* cat_food_18x12_@3x.png */ = {isa = PBXFileReference; lastKnownFileType = image.png; path = "cat_food_18x12_@3x.png"; sourceTree = "<group>"; };
		2B4FB224217725C300C7BA5C /* cat_food_18x12_@2x.png */ = {isa = PBXFileReference; lastKnownFileType = image.png; path = "cat_food_18x12_@2x.png"; sourceTree = "<group>"; };
/* End PBXFileReference section */

/* Begin PBXFrameworksBuildPhase section */
		2B4FB1B12177245A00C7BA5C /* Frameworks */ = {
			isa = PBXFrameworksBuildPhase;
			buildActionMask = 2147483647;
			files = (
			);
			runOnlyForDeploymentPostprocessing = 0;
		};
/* End PBXFrameworksBuildPhase section */

/* Begin PBXGroup section */
		2B4FB1AB2177245A00C7BA5C = {
			isa = PBXGroup;
			children = (
				2B4FB1B62177245A00C7BA5C /* QuartzCore框架api使用 */,
				2B4FB1B52177245A00C7BA5C /* Products */,
			);
			sourceTree = "<group>";
		};
		2B4FB1B52177245A00C7BA5C /* Products */ = {
			isa = PBXGroup;
			children = (
				2B4FB1B42177245A00C7BA5C /* QuartzCore框架api使用.app */,
			);
			name = Products;
			sourceTree = "<group>";
		};
		2B4FB1B62177245A00C7BA5C /* QuartzCore框架api使用 */ = {
			isa = PBXGroup;
			children = (
				2B4FB1BA2177245A00C7BA5C /* ViewController.h */,
				2B4FB1BB2177245A00C7BA5C /* ViewController.m */,
				2B4FB1DE217724BF00C7BA5C /* CADisplayLink */,
				2B4FB1E9217724BF00C7BA5C /* CAEmitterLayer粒子 */,
				2B4FB1E4217724BF00C7BA5C /* CAGradientLayer渐变 */,
				2B4FB1D9217724BF00C7BA5C /* CAReplicatorLayer图层复制 */,
				2B4FB1E1217724BF00C7BA5C /* CAShapeLayer分片 */,
				2B4FB1EC217724BF00C7BA5C /* CATransformLayer图层3D */,
				2B4FB1F7217724C700C7BA5C /* 动画例子 */,
				2B4FB1B72177245A00C7BA5C /* AppDelegate.h */,
				2B4FB1B82177245A00C7BA5C /* AppDelegate.m */,
				2B4FB201217725C300C7BA5C /* images */,
				2B4FB1C02177245B00C7BA5C /* Assets.xcassets */,
				2B4FB1C52177245B00C7BA5C /* Info.plist */,
				2B4FB1C22177245B00C7BA5C /* LaunchScreen.storyboard */,
				2B4FB1C62177245B00C7BA5C /* main.m */,
				2B4FB1BD2177245A00C7BA5C /* Main.storyboard */,
			);
			path = "QuartzCore框架api使用";
			sourceTree = "<group>";
		};
		2B4FB1D9217724BF00C7BA5C /* CAReplicatorLayer图层复制 */ = {
			isa = PBXGroup;
			children = (
				2B4FB1DA217724BF00C7BA5C /* Demo3ViewController.h */,
				2B4FB1DB217724BF00C7BA5C /* BBViewController.h */,
				2B4FB1DC217724BF00C7BA5C /* BBViewController.m */,
				2B4FB1DD217724BF00C7BA5C /* Demo3ViewController.m */,
			);
			path = "CAReplicatorLayer图层复制";
			sourceTree = "<group>";
		};
		2B4FB1DE217724BF00C7BA5C /* CADisplayLink */ = {
			isa = PBXGroup;
			children = (
				2B4FB1E0217724BF00C7BA5C /* GGViewController.h */,
				2B4FB1DF217724BF00C7BA5C /* GGViewController.m */,
			);
			path = CADisplayLink;
			sourceTree = "<group>";
		};
		2B4FB1E1217724BF00C7BA5C /* CAShapeLayer分片 */ = {
			isa = PBXGroup;
			children = (
				2B4FB1E2217724BF00C7BA5C /* EEViewController.m */,
				2B4FB1E3217724BF00C7BA5C /* EEViewController.h */,
			);
			path = "CAShapeLayer分片";
			sourceTree = "<group>";
		};
		2B4FB1E4217724BF00C7BA5C /* CAGradientLayer渐变 */ = {
			isa = PBXGroup;
			children = (
				2B4FB1E5217724BF00C7BA5C /* CCViewController.h */,
				2B4FB1E6217724BF00C7BA5C /* DDViewController.m */,
				2B4FB1E7217724BF00C7BA5C /* CCViewController.m */,
				2B4FB1E8217724BF00C7BA5C /* DDViewController.h */,
			);
			path = "CAGradientLayer渐变";
			sourceTree = "<group>";
		};
		2B4FB1E9217724BF00C7BA5C /* CAEmitterLayer粒子 */ = {
			isa = PBXGroup;
			children = (
				2B4FB1EA217724BF00C7BA5C /* FFViewController.m */,
				2B4FB1EB217724BF00C7BA5C /* FFViewController.h */,
			);
			path = "CAEmitterLayer粒子";
			sourceTree = "<group>";
		};
		2B4FB1EC217724BF00C7BA5C /* CATransformLayer图层3D */ = {
			isa = PBXGroup;
			children = (
				2B4FB1ED217724BF00C7BA5C /* AAViewController.h */,
				2B4FB1EE217724BF00C7BA5C /* AAViewController.m */,
			);
			path = "CATransformLayer图层3D";
			sourceTree = "<group>";
		};
		2B4FB1F7217724C700C7BA5C /* 动画例子 */ = {
			isa = PBXGroup;
			children = (
				2B4FB1F8217724C700C7BA5C /* Demo4ViewController.h */,
				2B4FB1F9217724C700C7BA5C /* Demo2ViewController.h */,
				2B4FB1FA217724C700C7BA5C /* Demo1ViewController.m */,
				2B4FB1FB217724C700C7BA5C /* Demo4ViewController.m */,
				2B4FB1FC217724C700C7BA5C /* Demo2ViewController.m */,
				2B4FB1FD217724C700C7BA5C /* Demo1ViewController.h */,
			);
			path = "动画例子";
			sourceTree = "<group>";
		};
		2B4FB201217725C300C7BA5C /* images */ = {
			isa = PBXGroup;
			children = (
				2B4FB202217725C300C7BA5C /* 005.jpg */,
				2B4FB203217725C300C7BA5C /* snow.png */,
				2B4FB204217725C300C7BA5C /* tree.png */,
				2B4FB205217725C300C7BA5C /* flower.png */,
				2B4FB206217725C300C7BA5C /* level */,
			);
			path = images;
			sourceTree = "<group>";
		};
		2B4FB206217725C300C7BA5C /* level */ = {
			isa = PBXGroup;
			children = (
				2B4FB207217725C300C7BA5C /* good6_30x30.imageset */,
				2B4FB20A217725C300C7BA5C /* good1_30x30.imageset */,
				2B4FB20D217725C300C7BA5C /* good9_30x30.imageset */,
				2B4FB210217725C300C7BA5C /* good8_30x30.imageset */,
				2B4FB213217725C300C7BA5C /* good7_30x30.imageset */,
				2B4FB216217725C300C7BA5C /* good5_30x30.imageset */,
				2B4FB219217725C300C7BA5C /* good2_30x30.imageset */,
				2B4FB21C217725C300C7BA5C /* good3_30x30.imageset */,
				2B4FB21F217725C300C7BA5C /* good4_30x30.imageset */,
				2B4FB222217725C300C7BA5C /* cat_food_18x12.imageset */,
			);
			path = level;
			sourceTree = "<group>";
		};
		2B4FB207217725C300C7BA5C /* good6_30x30.imageset */ = {
			isa = PBXGroup;
			children = (
				2B4FB208217725C300C7BA5C /* good6_30x30_@3x.png */,
				2B4FB209217725C300C7BA5C /* good6_30x30_@2x.png */,
			);
			path = good6_30x30.imageset;
			sourceTree = "<group>";
		};
		2B4FB20A217725C300C7BA5C /* good1_30x30.imageset */ = {
			isa = PBXGroup;
			children = (
				2B4FB20B217725C300C7BA5C /* good1_30x30_@2x.png */,
				2B4FB20C217725C300C7BA5C /* good1_30x30_@3x.png */,
			);
			path = good1_30x30.imageset;
			sourceTree = "<group>";
		};
		2B4FB20D217725C300C7BA5C /* good9_30x30.imageset */ = {
			isa = PBXGroup;
			children = (
				2B4FB20E217725C300C7BA5C /* good9_30x30_@3x.png */,
				2B4FB20F217725C300C7BA5C /* good9_30x30_@2x.png */,
			);
			path = good9_30x30.imageset;
			sourceTree = "<group>";
		};
		2B4FB210217725C300C7BA5C /* good8_30x30.imageset */ = {
			isa = PBXGroup;
			children = (
				2B4FB211217725C300C7BA5C /* good8_30x30_@2x.png */,
				2B4FB212217725C300C7BA5C /* good8_30x30_@3x.png */,
			);
			path = good8_30x30.imageset;
			sourceTree = "<group>";
		};
		2B4FB213217725C300C7BA5C /* good7_30x30.imageset */ = {
			isa = PBXGroup;
			children = (
				2B4FB214217725C300C7BA5C /* good7_30x30_@2x.png */,
				2B4FB215217725C300C7BA5C /* good7_30x30_@3x.png */,
			);
			path = good7_30x30.imageset;
			sourceTree = "<group>";
		};
		2B4FB216217725C300C7BA5C /* good5_30x30.imageset */ = {
			isa = PBXGroup;
			children = (
				2B4FB217217725C300C7BA5C /* good5_30x30_@2x.png */,
				2B4FB218217725C300C7BA5C /* good5_30x30_@3x.png */,
			);
			path = good5_30x30.imageset;
			sourceTree = "<group>";
		};
		2B4FB219217725C300C7BA5C /* good2_30x30.imageset */ = {
			isa = PBXGroup;
			children = (
				2B4FB21A217725C300C7BA5C /* good2_30x30_@3x.png */,
				2B4FB21B217725C300C7BA5C /* good2_30x30_@2x.png */,
			);
			path = good2_30x30.imageset;
			sourceTree = "<group>";
		};
		2B4FB21C217725C300C7BA5C /* good3_30x30.imageset */ = {
			isa = PBXGroup;
			children = (
				2B4FB21D217725C300C7BA5C /* good3_30x30_@2x.png */,
				2B4FB21E217725C300C7BA5C /* good3_30x30_@3x.png */,
			);
			path = good3_30x30.imageset;
			sourceTree = "<group>";
		};
		2B4FB21F217725C300C7BA5C /* good4_30x30.imageset */ = {
			isa = PBXGroup;
			children = (
				2B4FB220217725C300C7BA5C /* good4_30x30_@3x.png */,
				2B4FB221217725C300C7BA5C /* good4_30x30_@2x.png */,
			);
			path = good4_30x30.imageset;
			sourceTree = "<group>";
		};
		2B4FB222217725C300C7BA5C /* cat_food_18x12.imageset */ = {
			isa = PBXGroup;
			children = (
				2B4FB223217725C300C7BA5C /* cat_food_18x12_@3x.png */,
				2B4FB224217725C300C7BA5C /* cat_food_18x12_@2x.png */,
			);
			path = cat_food_18x12.imageset;
			sourceTree = "<group>";
		};
/* End PBXGroup section */

/* Begin PBXNativeTarget section */
		2B4FB1B32177245A00C7BA5C /* QuartzCore框架api使用 */ = {
			isa = PBXNativeTarget;
			buildConfigurationList = 2B4FB1CA2177245B00C7BA5C /* Build configuration list for PBXNativeTarget "QuartzCore框架api使用" */;
			buildPhases = (
				2B4FB1B02177245A00C7BA5C /* Sources */,
				2B4FB1B12177245A00C7BA5C /* Frameworks */,
				2B4FB1B22177245A00C7BA5C /* Resources */,
			);
			buildRules = (
			);
			dependencies = (
			);
			name = "QuartzCore框架api使用";
			productName = "QuartzCore框架api使用";
			productReference = 2B4FB1B42177245A00C7BA5C /* QuartzCore框架api使用.app */;
			productType = "com.apple.product-type.application";
		};
/* End PBXNativeTarget section */

/* Begin PBXProject section */
		2B4FB1AC2177245A00C7BA5C /* Project object */ = {
			isa = PBXProject;
			attributes = {
				LastUpgradeCheck = 1000;
				ORGANIZATIONNAME = yangjianliang;
				TargetAttributes = {
					2B4FB1B32177245A00C7BA5C = {
						CreatedOnToolsVersion = 10.0;
					};
				};
			};
			buildConfigurationList = 2B4FB1AF2177245A00C7BA5C /* Build configuration list for PBXProject "QuartzCore框架api使用" */;
			compatibilityVersion = "Xcode 9.3";
			developmentRegion = en;
			hasScannedForEncodings = 0;
			knownRegions = (
				en,
				Base,
			);
			mainGroup = 2B4FB1AB2177245A00C7BA5C;
			productRefGroup = 2B4FB1B52177245A00C7BA5C /* Products */;
			projectDirPath = "";
			projectRoot = "";
			targets = (
				2B4FB1B32177245A00C7BA5C /* QuartzCore框架api使用 */,
			);
		};
/* End PBXProject section */

/* Begin PBXResourcesBuildPhase section */
		2B4FB1B22177245A00C7BA5C /* Resources */ = {
			isa = PBXResourcesBuildPhase;
			buildActionMask = 2147483647;
			files = (
				2B4FB1C42177245B00C7BA5C /* LaunchScreen.storyboard in Resources */,
				2B4FB22E217725C300C7BA5C /* good9_30x30_@2x.png in Resources */,
				2B4FB232217725C300C7BA5C /* good7_30x30_@3x.png in Resources */,
				2B4FB226217725C300C7BA5C /* snow.png in Resources */,
				2B4FB235217725C300C7BA5C /* good2_30x30_@3x.png in Resources */,
				2B4FB22B217725C300C7BA5C /* good1_30x30_@2x.png in Resources */,
				2B4FB237217725C300C7BA5C /* good3_30x30_@2x.png in Resources */,
				2B4FB238217725C300C7BA5C /* good3_30x30_@3x.png in Resources */,
				2B4FB234217725C300C7BA5C /* good5_30x30_@3x.png in Resources */,
				2B4FB23C217725C300C7BA5C /* cat_food_18x12_@2x.png in Resources */,
				2B4FB1C12177245B00C7BA5C /* Assets.xcassets in Resources */,
				2B4FB23A217725C300C7BA5C /* good4_30x30_@2x.png in Resources */,
				2B4FB233217725C300C7BA5C /* good5_30x30_@2x.png in Resources */,
				2B4FB22C217725C300C7BA5C /* good1_30x30_@3x.png in Resources */,
				2B4FB228217725C300C7BA5C /* flower.png in Resources */,
				2B4FB229217725C300C7BA5C /* good6_30x30_@3x.png in Resources */,
				2B4FB1BF2177245A00C7BA5C /* Main.storyboard in Resources */,
				2B4FB22F217725C300C7BA5C /* good8_30x30_@2x.png in Resources */,
				2B4FB236217725C300C7BA5C /* good2_30x30_@2x.png in Resources */,
				2B4FB225217725C300C7BA5C /* 005.jpg in Resources */,
				2B4FB239217725C300C7BA5C /* good4_30x30_@3x.png in Resources */,
				2B4FB230217725C300C7BA5C /* good8_30x30_@3x.png in Resources */,
				2B4FB231217725C300C7BA5C /* good7_30x30_@2x.png in Resources */,
				2B4FB22A217725C300C7BA5C /* good6_30x30_@2x.png in Resources */,
				2B4FB227217725C300C7BA5C /* tree.png in Resources */,
				2B4FB22D217725C300C7BA5C /* good9_30x30_@3x.png in Resources */,
				2B4FB23B217725C300C7BA5C /* cat_food_18x12_@3x.png in Resources */,
			);
			runOnlyForDeploymentPostprocessing = 0;
		};
/* End PBXResourcesBuildPhase section */

/* Begin PBXSourcesBuildPhase section */
		2B4FB1B02177245A00C7BA5C /* Sources */ = {
			isa = PBXSourcesBuildPhase;
			buildActionMask = 2147483647;
			files = (
				2B4FB1EF217724BF00C7BA5C /* BBViewController.m in Sources */,
				2B4FB1FE217724C700C7BA5C /* Demo1ViewController.m in Sources */,
				2B4FB1F6217724BF00C7BA5C /* AAViewController.m in Sources */,
				2B4FB1BC2177245A00C7BA5C /* ViewController.m in Sources */,
				2B4FB1F4217724BF00C7BA5C /* CCViewController.m in Sources */,
				2B4FB1C72177245B00C7BA5C /* main.m in Sources */,
				2B4FB1F5217724BF00C7BA5C /* FFViewController.m in Sources */,
				2B4FB1B92177245A00C7BA5C /* AppDelegate.m in Sources */,
				2B4FB1F3217724BF00C7BA5C /* DDViewController.m in Sources */,
				2B4FB1F1217724BF00C7BA5C /* GGViewController.m in Sources */,
				2B4FB1FF217724C700C7BA5C /* Demo4ViewController.m in Sources */,
				2B4FB1F2217724BF00C7BA5C /* EEViewController.m in Sources */,
				2B4FB200217724C700C7BA5C /* Demo2ViewController.m in Sources */,
				2B4FB1F0217724BF00C7BA5C /* Demo3ViewController.m in Sources */,
			);
			runOnlyForDeploymentPostprocessing = 0;
		};
/* End PBXSourcesBuildPhase section */

/* Begin PBXVariantGroup section */
		2B4FB1BD2177245A00C7BA5C /* Main.storyboard */ = {
			isa = PBXVariantGroup;
			children = (
				2B4FB1BE2177245A00C7BA5C /* Base */,
			);
			name = Main.storyboard;
			sourceTree = "<group>";
		};
		2B4FB1C22177245B00C7BA5C /* LaunchScreen.storyboard */ = {
			isa = PBXVariantGroup;
			children = (
				2B4FB1C32177245B00C7BA5C /* Base */,
			);
			name = LaunchScreen.storyboard;
			sourceTree = "<group>";
		};
/* End PBXVariantGroup section */

/* Begin XCBuildConfiguration section */
		2B4FB1C82177245B00C7BA5C /* Debug */ = {
			isa = XCBuildConfiguration;
			buildSettings = {
				ALWAYS_SEARCH_USER_PATHS = NO;
				CLANG_ANALYZER_NONNULL = YES;
				CLANG_ANALYZER_NUMBER_OBJECT_CONVERSION = YES_AGGRESSIVE;
				CLANG_CXX_LANGUAGE_STANDARD = "gnu++14";
				CLANG_CXX_LIBRARY = "libc++";
				CLANG_ENABLE_MODULES = YES;
				CLANG_ENABLE_OBJC_ARC = YES;
				CLANG_ENABLE_OBJC_WEAK = YES;
				CLANG_WARN_BLOCK_CAPTURE_AUTORELEASING = YES;
				CLANG_WARN_BOOL_CONVERSION = YES;
				CLANG_WARN_COMMA = YES;
				CLANG_WARN_CONSTANT_CONVERSION = YES;
				CLANG_WARN_DEPRECATED_OBJC_IMPLEMENTATIONS = YES;
				CLANG_WARN_DIRECT_OBJC_ISA_USAGE = YES_ERROR;
				CLANG_WARN_DOCUMENTATION_COMMENTS = YES;
				CLANG_WARN_EMPTY_BODY = YES;
				CLANG_WARN_ENUM_CONVERSION = YES;
				CLANG_WARN_INFINITE_RECURSION = YES;
				CLANG_WARN_INT_CONVERSION = YES;
				CLANG_WARN_NON_LITERAL_NULL_CONVERSION = YES;
				CLANG_WARN_OBJC_IMPLICIT_RETAIN_SELF = YES;
				CLANG_WARN_OBJC_LITERAL_CONVERSION = YES;
				CLANG_WARN_OBJC_ROOT_CLASS = YES_ERROR;
				CLANG_WARN_RANGE_LOOP_ANALYSIS = YES;
				CLANG_WARN_STRICT_PROTOTYPES = YES;
				CLANG_WARN_SUSPICIOUS_MOVE = YES;
				CLANG_WARN_UNGUARDED_AVAILABILITY = YES_AGGRESSIVE;
				CLANG_WARN_UNREACHABLE_CODE = YES;
				CLANG_WARN__DUPLICATE_METHOD_MATCH = YES;
				CODE_SIGN_IDENTITY = "iPhone Developer";
				COPY_PHASE_STRIP = NO;
				DEBUG_INFORMATION_FORMAT = dwarf;
				ENABLE_STRICT_OBJC_MSGSEND = YES;
				ENABLE_TESTABILITY = YES;
				GCC_C_LANGUAGE_STANDARD = gnu11;
				GCC_DYNAMIC_NO_PIC = NO;
				GCC_NO_COMMON_BLOCKS = YES;
				GCC_OPTIMIZATION_LEVEL = 0;
				GCC_PREPROCESSOR_DEFINITIONS = (
					"DEBUG=1",
					"$(inherited)",
				);
				GCC_WARN_64_TO_32_BIT_CONVERSION = YES;
				GCC_WARN_ABOUT_RETURN_TYPE = YES_ERROR;
				GCC_WARN_UNDECLARED_SELECTOR = YES;
				GCC_WARN_UNINITIALIZED_AUTOS = YES_AGGRESSIVE;
				GCC_WARN_UNUSED_FUNCTION = YES;
				GCC_WARN_UNUSED_VARIABLE = YES;
				IPHONEOS_DEPLOYMENT_TARGET = 12.0;
				MTL_ENABLE_DEBUG_INFO = INCLUDE_SOURCE;
				MTL_FAST_MATH = YES;
				ONLY_ACTIVE_ARCH = YES;
				SDKROOT = iphoneos;
			};
			name = Debug;
		};
		2B4FB1C92177245B00C7BA5C /* Release */ = {
			isa = XCBuildConfiguration;
			buildSettings = {
				ALWAYS_SEARCH_USER_PATHS = NO;
				CLANG_ANALYZER_NONNULL = YES;
				CLANG_ANALYZER_NUMBER_OBJECT_CONVERSION = YES_AGGRESSIVE;
				CLANG_CXX_LANGUAGE_STANDARD = "gnu++14";
				CLANG_CXX_LIBRARY = "libc++";
				CLANG_ENABLE_MODULES = YES;
				CLANG_ENABLE_OBJC_ARC = YES;
				CLANG_ENABLE_OBJC_WEAK = YES;
				CLANG_WARN_BLOCK_CAPTURE_AUTORELEASING = YES;
				CLANG_WARN_BOOL_CONVERSION = YES;
				CLANG_WARN_COMMA = YES;
				CLANG_WARN_CONSTANT_CONVERSION = YES;
				CLANG_WARN_DEPRECATED_OBJC_IMPLEMENTATIONS = YES;
				CLANG_WARN_DIRECT_OBJC_ISA_USAGE = YES_ERROR;
				CLANG_WARN_DOCUMENTATION_COMMENTS = YES;
				CLANG_WARN_EMPTY_BODY = YES;
				CLANG_WARN_ENUM_CONVERSION = YES;
				CLANG_WARN_INFINITE_RECURSION = YES;
				CLANG_WARN_INT_CONVERSION = YES;
				CLANG_WARN_NON_LITERAL_NULL_CONVERSION = YES;
				CLANG_WARN_OBJC_IMPLICIT_RETAIN_SELF = YES;
				CLANG_WARN_OBJC_LITERAL_CONVERSION = YES;
				CLANG_WARN_OBJC_ROOT_CLASS = YES_ERROR;
				CLANG_WARN_RANGE_LOOP_ANALYSIS = YES;
				CLANG_WARN_STRICT_PROTOTYPES = YES;
				CLANG_WARN_SUSPICIOUS_MOVE = YES;
				CLANG_WARN_UNGUARDED_AVAILABILITY = YES_AGGRESSIVE;
				CLANG_WARN_UNREACHABLE_CODE = YES;
				CLANG_WARN__DUPLICATE_METHOD_MATCH = YES;
				CODE_SIGN_IDENTITY = "iPhone Developer";
				COPY_PHASE_STRIP = NO;
				DEBUG_INFORMATION_FORMAT = "dwarf-with-dsym";
				ENABLE_NS_ASSERTIONS = NO;
				ENABLE_STRICT_OBJC_MSGSEND = YES;
				GCC_C_LANGUAGE_STANDARD = gnu11;
				GCC_NO_COMMON_BLOCKS = YES;
				GCC_WARN_64_TO_32_BIT_CONVERSION = YES;
				GCC_WARN_ABOUT_RETURN_TYPE = YES_ERROR;
				GCC_WARN_UNDECLARED_SELECTOR = YES;
				GCC_WARN_UNINITIALIZED_AUTOS = YES_AGGRESSIVE;
				GCC_WARN_UNUSED_FUNCTION = YES;
				GCC_WARN_UNUSED_VARIABLE = YES;
				IPHONEOS_DEPLOYMENT_TARGET = 12.0;
				MTL_ENABLE_DEBUG_INFO = NO;
				MTL_FAST_MATH = YES;
				SDKROOT = iphoneos;
				VALIDATE_PRODUCT = YES;
			};
			name = Release;
		};
		2B4FB1CB2177245B00C7BA5C /* Debug */ = {
			isa = XCBuildConfiguration;
			buildSettings = {
				ASSETCATALOG_COMPILER_APPICON_NAME = AppIcon;
				CODE_SIGN_STYLE = Automatic;
				DEVELOPMENT_TEAM = VQ3JB7TXP9;
				INFOPLIST_FILE = "QuartzCore框架api使用/Info.plist";
				LD_RUNPATH_SEARCH_PATHS = (
					"$(inherited)",
					"@executable_path/Frameworks",
				);
				PRODUCT_BUNDLE_IDENTIFIER = "com.microants.haishi.QuartzCore--api--";
				PRODUCT_NAME = "$(TARGET_NAME)";
				TARGETED_DEVICE_FAMILY = "1,2";
			};
			name = Debug;
		};
		2B4FB1CC2177245B00C7BA5C /* Release */ = {
			isa = XCBuildConfiguration;
			buildSettings = {
				ASSETCATALOG_COMPILER_APPICON_NAME = AppIcon;
				CODE_SIGN_STYLE = Automatic;
				DEVELOPMENT_TEAM = VQ3JB7TXP9;
				INFOPLIST_FILE = "QuartzCore框架api使用/Info.plist";
				LD_RUNPATH_SEARCH_PATHS = (
					"$(inherited)",
					"@executable_path/Frameworks",
				);
				PRODUCT_BUNDLE_IDENTIFIER = "com.microants.haishi.QuartzCore--api--";
				PRODUCT_NAME = "$(TARGET_NAME)";
				TARGETED_DEVICE_FAMILY = "1,2";
			};
			name = Release;
		};
/* End XCBuildConfiguration section */

/* Begin XCConfigurationList section */
		2B4FB1AF2177245A00C7BA5C /* Build configuration list for PBXProject "QuartzCore框架api使用" */ = {
			isa = XCConfigurationList;
			buildConfigurations = (
				2B4FB1C82177245B00C7BA5C /* Debug */,
				2B4FB1C92177245B00C7BA5C /* Release */,
			);
			defaultConfigurationIsVisible = 0;
			defaultConfigurationName = Release;
		};
		2B4FB1CA2177245B00C7BA5C /* Build configuration list for PBXNativeTarget "QuartzCore框架api使用" */ = {
			isa = XCConfigurationList;
			buildConfigurations = (
				2B4FB1CB2177245B00C7BA5C /* Debug */,
				2B4FB1CC2177245B00C7BA5C /* Release */,
			);
			defaultConfigurationIsVisible = 0;
			defaultConfigurationName = Release;
		};
/* End XCConfigurationList section */
	};
	rootObject = 2B4FB1AC2177245A00C7BA5C /* Project object */;
}
