// !$*UTF8*$!
{
	archiveVersion = 1;
	classes = {
	};
	objectVersion = 50;
	objects = {

/* Begin PBXBuildFile section */
		2BB8D41C2140CD1800FC743A /* AppDelegate.m in Sources */ = {isa = PBXBuildFile; fileRef = 2BB8D41B2140CD1800FC743A /* AppDelegate.m */; };
		2BB8D4222140CD1800FC743A /* Main.storyboard in Resources */ = {isa = PBXBuildFile; fileRef = 2BB8D4202140CD1800FC743A /* Main.storyboard */; };
		2BB8D4242140CD1900FC743A /* Assets.xcassets in Resources */ = {isa = PBXBuildFile; fileRef = 2BB8D4232140CD1900FC743A /* Assets.xcassets */; };
		2BB8D4272140CD1900FC743A /* LaunchScreen.storyboard in Resources */ = {isa = PBXBuildFile; fileRef = 2BB8D4252140CD1900FC743A /* LaunchScreen.storyboard */; };
		2BB8D42A2140CD1A00FC743A /* main.m in Sources */ = {isa = PBXBuildFile; fileRef = 2BB8D4292140CD1A00FC743A /* main.m */; };
		2BB8D4322140CD7600FC743A /* AViewController.m in Sources */ = {isa = PBXBuildFile; fileRef = 2BB8D4312140CD7600FC743A /* AViewController.m */; };
		2BB8D4352140CD7F00FC743A /* BBViewController.m in Sources */ = {isa = PBXBuildFile; fileRef = 2BB8D4342140CD7F00FC743A /* BBViewController.m */; };
		2BB8D4382140CD8400FC743A /* CViewController.m in Sources */ = {isa = PBXBuildFile; fileRef = 2BB8D4372140CD8400FC743A /* CViewController.m */; };
		2BB8D43B2140CD9700FC743A /* BViewController.m in Sources */ = {isa = PBXBuildFile; fileRef = 2BB8D43A2140CD9700FC743A /* BViewController.m */; };
/* End PBXBuildFile section */

/* Begin PBXFileReference section */
		2BB8D4172140CD1800FC743A /* 替换导航栈中控制器.app */ = {isa = PBXFileReference; explicitFileType = wrapper.application; includeInIndex = 0; path = "替换导航栈中控制器.app"; sourceTree = BUILT_PRODUCTS_DIR; };
		2BB8D41A2140CD1800FC743A /* AppDelegate.h */ = {isa = PBXFileReference; lastKnownFileType = sourcecode.c.h; path = AppDelegate.h; sourceTree = "<group>"; };
		2BB8D41B2140CD1800FC743A /* AppDelegate.m */ = {isa = PBXFileReference; lastKnownFileType = sourcecode.c.objc; path = AppDelegate.m; sourceTree = "<group>"; };
		2BB8D4212140CD1800FC743A /* Base */ = {isa = PBXFileReference; lastKnownFileType = file.storyboard; name = Base; path = Base.lproj/Main.storyboard; sourceTree = "<group>"; };
		2BB8D4232140CD1900FC743A /* Assets.xcassets */ = {isa = PBXFileReference; lastKnownFileType = folder.assetcatalog; path = Assets.xcassets; sourceTree = "<group>"; };
		2BB8D4262140CD1900FC743A /* Base */ = {isa = PBXFileReference; lastKnownFileType = file.storyboard; name = Base; path = Base.lproj/LaunchScreen.storyboard; sourceTree = "<group>"; };
		2BB8D4282140CD1900FC743A /* Info.plist */ = {isa = PBXFileReference; lastKnownFileType = text.plist.xml; path = Info.plist; sourceTree = "<group>"; };
		2BB8D4292140CD1A00FC743A /* main.m */ = {isa = PBXFileReference; lastKnownFileType = sourcecode.c.objc; path = main.m; sourceTree = "<group>"; };
		2BB8D4302140CD7600FC743A /* AViewController.h */ = {isa = PBXFileReference; lastKnownFileType = sourcecode.c.h; path = AViewController.h; sourceTree = "<group>"; };
		2BB8D4312140CD7600FC743A /* AViewController.m */ = {isa = PBXFileReference; lastKnownFileType = sourcecode.c.objc; path = AViewController.m; sourceTree = "<group>"; };
		2BB8D4332140CD7F00FC743A /* BBViewController.h */ = {isa = PBXFileReference; lastKnownFileType = sourcecode.c.h; path = BBViewController.h; sourceTree = "<group>"; };
		2BB8D4342140CD7F00FC743A /* BBViewController.m */ = {isa = PBXFileReference; lastKnownFileType = sourcecode.c.objc; path = BBViewController.m; sourceTree = "<group>"; };
		2BB8D4362140CD8400FC743A /* CViewController.h */ = {isa = PBXFileReference; lastKnownFileType = sourcecode.c.h; path = CViewController.h; sourceTree = "<group>"; };
		2BB8D4372140CD8400FC743A /* CViewController.m */ = {isa = PBXFileReference; lastKnownFileType = sourcecode.c.objc; path = CViewController.m; sourceTree = "<group>"; };
		2BB8D4392140CD9700FC743A /* BViewController.h */ = {isa = PBXFileReference; lastKnownFileType = sourcecode.c.h; path = BViewController.h; sourceTree = "<group>"; };
		2BB8D43A2140CD9700FC743A /* BViewController.m */ = {isa = PBXFileReference; lastKnownFileType = sourcecode.c.objc; path = BViewController.m; sourceTree = "<group>"; };
/* End PBXFileReference section */

/* Begin PBXFrameworksBuildPhase section */
		2BB8D4142140CD1800FC743A /* Frameworks */ = {
			isa = PBXFrameworksBuildPhase;
			buildActionMask = 2147483647;
			files = (
			);
			runOnlyForDeploymentPostprocessing = 0;
		};
/* End PBXFrameworksBuildPhase section */

/* Begin PBXGroup section */
		2BB8D40E2140CD1800FC743A = {
			isa = PBXGroup;
			children = (
				2BB8D4192140CD1800FC743A /* 替换导航栈中控制器 */,
				2BB8D4182140CD1800FC743A /* Products */,
			);
			sourceTree = "<group>";
		};
		2BB8D4182140CD1800FC743A /* Products */ = {
			isa = PBXGroup;
			children = (
				2BB8D4172140CD1800FC743A /* 替换导航栈中控制器.app */,
			);
			name = Products;
			sourceTree = "<group>";
		};
		2BB8D4192140CD1800FC743A /* 替换导航栈中控制器 */ = {
			isa = PBXGroup;
			children = (
				2BB8D41A2140CD1800FC743A /* AppDelegate.h */,
				2BB8D41B2140CD1800FC743A /* AppDelegate.m */,
				2BB8D4302140CD7600FC743A /* AViewController.h */,
				2BB8D4312140CD7600FC743A /* AViewController.m */,
				2BB8D4332140CD7F00FC743A /* BBViewController.h */,
				2BB8D4342140CD7F00FC743A /* BBViewController.m */,
				2BB8D4392140CD9700FC743A /* BViewController.h */,
				2BB8D43A2140CD9700FC743A /* BViewController.m */,
				2BB8D4362140CD8400FC743A /* CViewController.h */,
				2BB8D4372140CD8400FC743A /* CViewController.m */,
				2BB8D4232140CD1900FC743A /* Assets.xcassets */,
				2BB8D4282140CD1900FC743A /* Info.plist */,
				2BB8D4252140CD1900FC743A /* LaunchScreen.storyboard */,
				2BB8D4292140CD1A00FC743A /* main.m */,
				2BB8D4202140CD1800FC743A /* Main.storyboard */,
			);
			path = "替换导航栈中控制器";
			sourceTree = "<group>";
		};
/* End PBXGroup section */

/* Begin PBXNativeTarget section */
		2BB8D4162140CD1800FC743A /* 替换导航栈中控制器 */ = {
			isa = PBXNativeTarget;
			buildConfigurationList = 2BB8D42D2140CD1A00FC743A /* Build configuration list for PBXNativeTarget "替换导航栈中控制器" */;
			buildPhases = (
				2BB8D4132140CD1800FC743A /* Sources */,
				2BB8D4142140CD1800FC743A /* Frameworks */,
				2BB8D4152140CD1800FC743A /* Resources */,
			);
			buildRules = (
			);
			dependencies = (
			);
			name = "替换导航栈中控制器";
			productName = "替换导航栈中控制器";
			productReference = 2BB8D4172140CD1800FC743A /* 替换导航栈中控制器.app */;
			productType = "com.apple.product-type.application";
		};
/* End PBXNativeTarget section */

/* Begin PBXProject section */
		2BB8D40F2140CD1800FC743A /* Project object */ = {
			isa = PBXProject;
			attributes = {
				LastUpgradeCheck = 0930;
				ORGANIZATIONNAME = yangjianliang;
				TargetAttributes = {
					2BB8D4162140CD1800FC743A = {
						CreatedOnToolsVersion = 9.3;
					};
				};
			};
			buildConfigurationList = 2BB8D4122140CD1800FC743A /* Build configuration list for PBXProject "替换导航栈中控制器" */;
			compatibilityVersion = "Xcode 9.3";
			developmentRegion = en;
			hasScannedForEncodings = 0;
			knownRegions = (
				en,
				Base,
			);
			mainGroup = 2BB8D40E2140CD1800FC743A;
			productRefGroup = 2BB8D4182140CD1800FC743A /* Products */;
			projectDirPath = "";
			projectRoot = "";
			targets = (
				2BB8D4162140CD1800FC743A /* 替换导航栈中控制器 */,
			);
		};
/* End PBXProject section */

/* Begin PBXResourcesBuildPhase section */
		2BB8D4152140CD1800FC743A /* Resources */ = {
			isa = PBXResourcesBuildPhase;
			buildActionMask = 2147483647;
			files = (
				2BB8D4272140CD1900FC743A /* LaunchScreen.storyboard in Resources */,
				2BB8D4242140CD1900FC743A /* Assets.xcassets in Resources */,
				2BB8D4222140CD1800FC743A /* Main.storyboard in Resources */,
			);
			runOnlyForDeploymentPostprocessing = 0;
		};
/* End PBXResourcesBuildPhase section */

/* Begin PBXSourcesBuildPhase section */
		2BB8D4132140CD1800FC743A /* Sources */ = {
			isa = PBXSourcesBuildPhase;
			buildActionMask = 2147483647;
			files = (
				2BB8D43B2140CD9700FC743A /* BViewController.m in Sources */,
				2BB8D4322140CD7600FC743A /* AViewController.m in Sources */,
				2BB8D4382140CD8400FC743A /* CViewController.m in Sources */,
				2BB8D4352140CD7F00FC743A /* BBViewController.m in Sources */,
				2BB8D42A2140CD1A00FC743A /* main.m in Sources */,
				2BB8D41C2140CD1800FC743A /* AppDelegate.m in Sources */,
			);
			runOnlyForDeploymentPostprocessing = 0;
		};
/* End PBXSourcesBuildPhase section */

/* Begin PBXVariantGroup section */
		2BB8D4202140CD1800FC743A /* Main.storyboard */ = {
			isa = PBXVariantGroup;
			children = (
				2BB8D4212140CD1800FC743A /* Base */,
			);
			name = Main.storyboard;
			sourceTree = "<group>";
		};
		2BB8D4252140CD1900FC743A /* LaunchScreen.storyboard */ = {
			isa = PBXVariantGroup;
			children = (
				2BB8D4262140CD1900FC743A /* Base */,
			);
			name = LaunchScreen.storyboard;
			sourceTree = "<group>";
		};
/* End PBXVariantGroup section */

/* Begin XCBuildConfiguration section */
		2BB8D42B2140CD1A00FC743A /* Debug */ = {
			isa = XCBuildConfiguration;
			buildSettings = {
				ALWAYS_SEARCH_USER_PATHS = NO;
				CLANG_ANALYZER_NONNULL = YES;
				CLANG_ANALYZER_NUMBER_OBJECT_CONVERSION = YES_AGGRESSIVE;
				CLANG_CXX_LANGUAGE_STANDARD = "gnu++14";
				CLANG_CXX_LIBRARY = "libc++";
				CLANG_ENABLE_MODULES = YES;
				CLANG_ENABLE_OBJC_ARC = YES;
				CLANG_ENABLE_OBJC_WEAK = YES;
				CLANG_WARN_BLOCK_CAPTURE_AUTORELEASING = YES;
				CLANG_WARN_BOOL_CONVERSION = YES;
				CLANG_WARN_COMMA = YES;
				CLANG_WARN_CONSTANT_CONVERSION = YES;
				CLANG_WARN_DEPRECATED_OBJC_IMPLEMENTATIONS = YES;
				CLANG_WARN_DIRECT_OBJC_ISA_USAGE = YES_ERROR;
				CLANG_WARN_DOCUMENTATION_COMMENTS = YES;
				CLANG_WARN_EMPTY_BODY = YES;
				CLANG_WARN_ENUM_CONVERSION = YES;
				CLANG_WARN_INFINITE_RECURSION = YES;
				CLANG_WARN_INT_CONVERSION = YES;
				CLANG_WARN_NON_LITERAL_NULL_CONVERSION = YES;
				CLANG_WARN_OBJC_IMPLICIT_RETAIN_SELF = YES;
				CLANG_WARN_OBJC_LITERAL_CONVERSION = YES;
				CLANG_WARN_OBJC_ROOT_CLASS = YES_ERROR;
				CLANG_WARN_RANGE_LOOP_ANALYSIS = YES;
				CLANG_WARN_STRICT_PROTOTYPES = YES;
				CLANG_WARN_SUSPICIOUS_MOVE = YES;
				CLANG_WARN_UNGUARDED_AVAILABILITY = YES_AGGRESSIVE;
				CLANG_WARN_UNREACHABLE_CODE = YES;
				CLANG_WARN__DUPLICATE_METHOD_MATCH = YES;
				CODE_SIGN_IDENTITY = "iPhone Developer";
				COPY_PHASE_STRIP = NO;
				DEBUG_INFORMATION_FORMAT = dwarf;
				ENABLE_STRICT_OBJC_MSGSEND = YES;
				ENABLE_TESTABILITY = YES;
				GCC_C_LANGUAGE_STANDARD = gnu11;
				GCC_DYNAMIC_NO_PIC = NO;
				GCC_NO_COMMON_BLOCKS = YES;
				GCC_OPTIMIZATION_LEVEL = 0;
				GCC_PREPROCESSOR_DEFINITIONS = (
					"DEBUG=1",
					"$(inherited)",
				);
				GCC_WARN_64_TO_32_BIT_CONVERSION = YES;
				GCC_WARN_ABOUT_RETURN_TYPE = YES_ERROR;
				GCC_WARN_UNDECLARED_SELECTOR = YES;
				GCC_WARN_UNINITIALIZED_AUTOS = YES_AGGRESSIVE;
				GCC_WARN_UNUSED_FUNCTION = YES;
				GCC_WARN_UNUSED_VARIABLE = YES;
				IPHONEOS_DEPLOYMENT_TARGET = 11.3;
				MTL_ENABLE_DEBUG_INFO = YES;
				ONLY_ACTIVE_ARCH = YES;
				SDKROOT = iphoneos;
			};
			name = Debug;
		};
		2BB8D42C2140CD1A00FC743A /* Release */ = {
			isa = XCBuildConfiguration;
			buildSettings = {
				ALWAYS_SEARCH_USER_PATHS = NO;
				CLANG_ANALYZER_NONNULL = YES;
				CLANG_ANALYZER_NUMBER_OBJECT_CONVERSION = YES_AGGRESSIVE;
				CLANG_CXX_LANGUAGE_STANDARD = "gnu++14";
				CLANG_CXX_LIBRARY = "libc++";
				CLANG_ENABLE_MODULES = YES;
				CLANG_ENABLE_OBJC_ARC = YES;
				CLANG_ENABLE_OBJC_WEAK = YES;
				CLANG_WARN_BLOCK_CAPTURE_AUTORELEASING = YES;
				CLANG_WARN_BOOL_CONVERSION = YES;
				CLANG_WARN_COMMA = YES;
				CLANG_WARN_CONSTANT_CONVERSION = YES;
				CLANG_WARN_DEPRECATED_OBJC_IMPLEMENTATIONS = YES;
				CLANG_WARN_DIRECT_OBJC_ISA_USAGE = YES_ERROR;
				CLANG_WARN_DOCUMENTATION_COMMENTS = YES;
				CLANG_WARN_EMPTY_BODY = YES;
				CLANG_WARN_ENUM_CONVERSION = YES;
				CLANG_WARN_INFINITE_RECURSION = YES;
				CLANG_WARN_INT_CONVERSION = YES;
				CLANG_WARN_NON_LITERAL_NULL_CONVERSION = YES;
				CLANG_WARN_OBJC_IMPLICIT_RETAIN_SELF = YES;
				CLANG_WARN_OBJC_LITERAL_CONVERSION = YES;
				CLANG_WARN_OBJC_ROOT_CLASS = YES_ERROR;
				CLANG_WARN_RANGE_LOOP_ANALYSIS = YES;
				CLANG_WARN_STRICT_PROTOTYPES = YES;
				CLANG_WARN_SUSPICIOUS_MOVE = YES;
				CLANG_WARN_UNGUARDED_AVAILABILITY = YES_AGGRESSIVE;
				CLANG_WARN_UNREACHABLE_CODE = YES;
				CLANG_WARN__DUPLICATE_METHOD_MATCH = YES;
				CODE_SIGN_IDENTITY = "iPhone Developer";
				COPY_PHASE_STRIP = NO;
				DEBUG_INFORMATION_FORMAT = "dwarf-with-dsym";
				ENABLE_NS_ASSERTIONS = NO;
				ENABLE_STRICT_OBJC_MSGSEND = YES;
				GCC_C_LANGUAGE_STANDARD = gnu11;
				GCC_NO_COMMON_BLOCKS = YES;
				GCC_WARN_64_TO_32_BIT_CONVERSION = YES;
				GCC_WARN_ABOUT_RETURN_TYPE = YES_ERROR;
				GCC_WARN_UNDECLARED_SELECTOR = YES;
				GCC_WARN_UNINITIALIZED_AUTOS = YES_AGGRESSIVE;
				GCC_WARN_UNUSED_FUNCTION = YES;
				GCC_WARN_UNUSED_VARIABLE = YES;
				IPHONEOS_DEPLOYMENT_TARGET = 11.3;
				MTL_ENABLE_DEBUG_INFO = NO;
				SDKROOT = iphoneos;
				VALIDATE_PRODUCT = YES;
			};
			name = Release;
		};
		2BB8D42E2140CD1A00FC743A /* Debug */ = {
			isa = XCBuildConfiguration;
			buildSettings = {
				ASSETCATALOG_COMPILER_APPICON_NAME = AppIcon;
				CODE_SIGN_STYLE = Automatic;
				DEVELOPMENT_TEAM = 2VZHX58HUJ;
				INFOPLIST_FILE = "替换导航栈中控制器/Info.plist";
				LD_RUNPATH_SEARCH_PATHS = (
					"$(inherited)",
					"@executable_path/Frameworks",
				);
				PRODUCT_BUNDLE_IDENTIFIER = "com.microants.haishi.---------";
				PRODUCT_NAME = "$(TARGET_NAME)";
				TARGETED_DEVICE_FAMILY = "1,2";
			};
			name = Debug;
		};
		2BB8D42F2140CD1A00FC743A /* Release */ = {
			isa = XCBuildConfiguration;
			buildSettings = {
				ASSETCATALOG_COMPILER_APPICON_NAME = AppIcon;
				CODE_SIGN_STYLE = Automatic;
				DEVELOPMENT_TEAM = 2VZHX58HUJ;
				INFOPLIST_FILE = "替换导航栈中控制器/Info.plist";
				LD_RUNPATH_SEARCH_PATHS = (
					"$(inherited)",
					"@executable_path/Frameworks",
				);
				PRODUCT_BUNDLE_IDENTIFIER = "com.microants.haishi.---------";
				PRODUCT_NAME = "$(TARGET_NAME)";
				TARGETED_DEVICE_FAMILY = "1,2";
			};
			name = Release;
		};
/* End XCBuildConfiguration section */

/* Begin XCConfigurationList section */
		2BB8D4122140CD1800FC743A /* Build configuration list for PBXProject "替换导航栈中控制器" */ = {
			isa = XCConfigurationList;
			buildConfigurations = (
				2BB8D42B2140CD1A00FC743A /* Debug */,
				2BB8D42C2140CD1A00FC743A /* Release */,
			);
			defaultConfigurationIsVisible = 0;
			defaultConfigurationName = Release;
		};
		2BB8D42D2140CD1A00FC743A /* Build configuration list for PBXNativeTarget "替换导航栈中控制器" */ = {
			isa = XCConfigurationList;
			buildConfigurations = (
				2BB8D42E2140CD1A00FC743A /* Debug */,
				2BB8D42F2140CD1A00FC743A /* Release */,
			);
			defaultConfigurationIsVisible = 0;
			defaultConfigurationName = Release;
		};
/* End XCConfigurationList section */
	};
	rootObject = 2BB8D40F2140CD1800FC743A /* Project object */;
}
