// !$*UTF8*$!
{
	archiveVersion = 1;
	classes = {
	};
	objectVersion = 50;
	objects = {

/* Begin PBXBuildFile section */
		2B05EFAC20B507BD00781145 /* AppDelegate.m in Sources */ = {isa = PBXBuildFile; fileRef = 2B05EFAB20B507BD00781145 /* AppDelegate.m */; };
		2B05EFB220B507BD00781145 /* Main.storyboard in Resources */ = {isa = PBXBuildFile; fileRef = 2B05EFB020B507BD00781145 /* Main.storyboard */; };
		2B05EFB420B507BE00781145 /* Assets.xcassets in Resources */ = {isa = PBXBuildFile; fileRef = 2B05EFB320B507BE00781145 /* Assets.xcassets */; };
		2B05EFB720B507BE00781145 /* LaunchScreen.storyboard in Resources */ = {isa = PBXBuildFile; fileRef = 2B05EFB520B507BE00781145 /* LaunchScreen.storyboard */; };
		2B05EFBA20B507BE00781145 /* main.m in Sources */ = {isa = PBXBuildFile; fileRef = 2B05EFB920B507BE00781145 /* main.m */; };
		2B05EFC320B50AB700781145 /* AddressBookManager.m in Sources */ = {isa = PBXBuildFile; fileRef = 2B05EFC220B50AB700781145 /* AddressBookManager.m */; };
		2B05EFC920B50B0200781145 /* AddressBookModel.m in Sources */ = {isa = PBXBuildFile; fileRef = 2B05EFC820B50B0200781145 /* AddressBookModel.m */; };
		2B05EFCC20B50B5900781145 /* AddressBookController.m in Sources */ = {isa = PBXBuildFile; fileRef = 2B05EFCB20B50B5900781145 /* AddressBookController.m */; };
		2B05EFD220B5125B00781145 /* AddressBookPinYin.m in Sources */ = {isa = PBXBuildFile; fileRef = 2B05EFD020B5125A00781145 /* AddressBookPinYin.m */; };
		2B05EFD820B54E6700781145 /* AddressBookTableCell.m in Sources */ = {isa = PBXBuildFile; fileRef = 2B05EFD620B54E6700781145 /* AddressBookTableCell.m */; };
		2B05EFD920B54E6700781145 /* AddressBookTableCell.xib in Resources */ = {isa = PBXBuildFile; fileRef = 2B05EFD720B54E6700781145 /* AddressBookTableCell.xib */; };
		2B05EFDF20B5562A00781145 /* MainViewController.m in Sources */ = {isa = PBXBuildFile; fileRef = 2B05EFDE20B5562A00781145 /* MainViewController.m */; };
/* End PBXBuildFile section */

/* Begin PBXFileReference section */
		2B05EFA720B507BD00781145 /* 获取通讯录.app */ = {isa = PBXFileReference; explicitFileType = wrapper.application; includeInIndex = 0; path = "获取通讯录.app"; sourceTree = BUILT_PRODUCTS_DIR; };
		2B05EFAA20B507BD00781145 /* AppDelegate.h */ = {isa = PBXFileReference; lastKnownFileType = sourcecode.c.h; path = AppDelegate.h; sourceTree = "<group>"; };
		2B05EFAB20B507BD00781145 /* AppDelegate.m */ = {isa = PBXFileReference; lastKnownFileType = sourcecode.c.objc; path = AppDelegate.m; sourceTree = "<group>"; };
		2B05EFB120B507BD00781145 /* Base */ = {isa = PBXFileReference; lastKnownFileType = file.storyboard; name = Base; path = Base.lproj/Main.storyboard; sourceTree = "<group>"; };
		2B05EFB320B507BE00781145 /* Assets.xcassets */ = {isa = PBXFileReference; lastKnownFileType = folder.assetcatalog; path = Assets.xcassets; sourceTree = "<group>"; };
		2B05EFB620B507BE00781145 /* Base */ = {isa = PBXFileReference; lastKnownFileType = file.storyboard; name = Base; path = Base.lproj/LaunchScreen.storyboard; sourceTree = "<group>"; };
		2B05EFB820B507BE00781145 /* Info.plist */ = {isa = PBXFileReference; lastKnownFileType = text.plist.xml; path = Info.plist; sourceTree = "<group>"; };
		2B05EFB920B507BE00781145 /* main.m */ = {isa = PBXFileReference; lastKnownFileType = sourcecode.c.objc; path = main.m; sourceTree = "<group>"; };
		2B05EFC120B50AB700781145 /* AddressBookManager.h */ = {isa = PBXFileReference; lastKnownFileType = sourcecode.c.h; path = AddressBookManager.h; sourceTree = "<group>"; };
		2B05EFC220B50AB700781145 /* AddressBookManager.m */ = {isa = PBXFileReference; lastKnownFileType = sourcecode.c.objc; path = AddressBookManager.m; sourceTree = "<group>"; };
		2B05EFC720B50B0200781145 /* AddressBookModel.h */ = {isa = PBXFileReference; lastKnownFileType = sourcecode.c.h; path = AddressBookModel.h; sourceTree = "<group>"; };
		2B05EFC820B50B0200781145 /* AddressBookModel.m */ = {isa = PBXFileReference; lastKnownFileType = sourcecode.c.objc; path = AddressBookModel.m; sourceTree = "<group>"; };
		2B05EFCA20B50B5900781145 /* AddressBookController.h */ = {isa = PBXFileReference; lastKnownFileType = sourcecode.c.h; path = AddressBookController.h; sourceTree = "<group>"; };
		2B05EFCB20B50B5900781145 /* AddressBookController.m */ = {isa = PBXFileReference; lastKnownFileType = sourcecode.c.objc; path = AddressBookController.m; sourceTree = "<group>"; };
		2B05EFD020B5125A00781145 /* AddressBookPinYin.m */ = {isa = PBXFileReference; fileEncoding = 4; lastKnownFileType = sourcecode.c.objc; path = AddressBookPinYin.m; sourceTree = "<group>"; };
		2B05EFD120B5125A00781145 /* AddressBookPinYin.h */ = {isa = PBXFileReference; fileEncoding = 4; lastKnownFileType = sourcecode.c.h; path = AddressBookPinYin.h; sourceTree = "<group>"; };
		2B05EFD520B54E6700781145 /* AddressBookTableCell.h */ = {isa = PBXFileReference; lastKnownFileType = sourcecode.c.h; path = AddressBookTableCell.h; sourceTree = "<group>"; };
		2B05EFD620B54E6700781145 /* AddressBookTableCell.m */ = {isa = PBXFileReference; lastKnownFileType = sourcecode.c.objc; path = AddressBookTableCell.m; sourceTree = "<group>"; };
		2B05EFD720B54E6700781145 /* AddressBookTableCell.xib */ = {isa = PBXFileReference; lastKnownFileType = file.xib; path = AddressBookTableCell.xib; sourceTree = "<group>"; };
		2B05EFDD20B5562A00781145 /* MainViewController.h */ = {isa = PBXFileReference; lastKnownFileType = sourcecode.c.h; path = MainViewController.h; sourceTree = "<group>"; };
		2B05EFDE20B5562A00781145 /* MainViewController.m */ = {isa = PBXFileReference; lastKnownFileType = sourcecode.c.objc; path = MainViewController.m; sourceTree = "<group>"; };
/* End PBXFileReference section */

/* Begin PBXFrameworksBuildPhase section */
		2B05EFA420B507BD00781145 /* Frameworks */ = {
			isa = PBXFrameworksBuildPhase;
			buildActionMask = 2147483647;
			files = (
			);
			runOnlyForDeploymentPostprocessing = 0;
		};
/* End PBXFrameworksBuildPhase section */

/* Begin PBXGroup section */
		2B05EF9E20B507BD00781145 = {
			isa = PBXGroup;
			children = (
				2B05EFA920B507BD00781145 /* 获取通讯录 */,
				2B05EFA820B507BD00781145 /* Products */,
			);
			sourceTree = "<group>";
		};
		2B05EFA820B507BD00781145 /* Products */ = {
			isa = PBXGroup;
			children = (
				2B05EFA720B507BD00781145 /* 获取通讯录.app */,
			);
			name = Products;
			sourceTree = "<group>";
		};
		2B05EFA920B507BD00781145 /* 获取通讯录 */ = {
			isa = PBXGroup;
			children = (
				2B05EFC020B50A6700781145 /* BookMannager */,
				2B05EFAA20B507BD00781145 /* AppDelegate.h */,
				2B05EFAB20B507BD00781145 /* AppDelegate.m */,
				2B05EFDD20B5562A00781145 /* MainViewController.h */,
				2B05EFDE20B5562A00781145 /* MainViewController.m */,
				2B05EFB020B507BD00781145 /* Main.storyboard */,
				2B05EFB320B507BE00781145 /* Assets.xcassets */,
				2B05EFB520B507BE00781145 /* LaunchScreen.storyboard */,
				2B05EFB820B507BE00781145 /* Info.plist */,
				2B05EFB920B507BE00781145 /* main.m */,
			);
			path = "获取通讯录";
			sourceTree = "<group>";
		};
		2B05EFC020B50A6700781145 /* BookMannager */ = {
			isa = PBXGroup;
			children = (
				2B05EFD420B54E3000781145 /* Data */,
				2B05EFD320B54E2B00781145 /* UI */,
			);
			path = BookMannager;
			sourceTree = "<group>";
		};
		2B05EFD320B54E2B00781145 /* UI */ = {
			isa = PBXGroup;
			children = (
				2B05EFCA20B50B5900781145 /* AddressBookController.h */,
				2B05EFCB20B50B5900781145 /* AddressBookController.m */,
				2B05EFD520B54E6700781145 /* AddressBookTableCell.h */,
				2B05EFD620B54E6700781145 /* AddressBookTableCell.m */,
				2B05EFD720B54E6700781145 /* AddressBookTableCell.xib */,
			);
			path = UI;
			sourceTree = "<group>";
		};
		2B05EFD420B54E3000781145 /* Data */ = {
			isa = PBXGroup;
			children = (
				2B05EFC120B50AB700781145 /* AddressBookManager.h */,
				2B05EFC220B50AB700781145 /* AddressBookManager.m */,
				2B05EFC720B50B0200781145 /* AddressBookModel.h */,
				2B05EFC820B50B0200781145 /* AddressBookModel.m */,
				2B05EFD120B5125A00781145 /* AddressBookPinYin.h */,
				2B05EFD020B5125A00781145 /* AddressBookPinYin.m */,
			);
			path = Data;
			sourceTree = "<group>";
		};
/* End PBXGroup section */

/* Begin PBXNativeTarget section */
		2B05EFA620B507BD00781145 /* 获取通讯录 */ = {
			isa = PBXNativeTarget;
			buildConfigurationList = 2B05EFBD20B507BE00781145 /* Build configuration list for PBXNativeTarget "获取通讯录" */;
			buildPhases = (
				2B05EFA320B507BD00781145 /* Sources */,
				2B05EFA420B507BD00781145 /* Frameworks */,
				2B05EFA520B507BD00781145 /* Resources */,
			);
			buildRules = (
			);
			dependencies = (
			);
			name = "获取通讯录";
			productName = "获取通讯录";
			productReference = 2B05EFA720B507BD00781145 /* 获取通讯录.app */;
			productType = "com.apple.product-type.application";
		};
/* End PBXNativeTarget section */

/* Begin PBXProject section */
		2B05EF9F20B507BD00781145 /* Project object */ = {
			isa = PBXProject;
			attributes = {
				LastUpgradeCheck = 0930;
				ORGANIZATIONNAME = yangjianliang;
				TargetAttributes = {
					2B05EFA620B507BD00781145 = {
						CreatedOnToolsVersion = 9.3;
					};
				};
			};
			buildConfigurationList = 2B05EFA220B507BD00781145 /* Build configuration list for PBXProject "获取通讯录" */;
			compatibilityVersion = "Xcode 9.3";
			developmentRegion = en;
			hasScannedForEncodings = 0;
			knownRegions = (
				en,
				Base,
			);
			mainGroup = 2B05EF9E20B507BD00781145;
			productRefGroup = 2B05EFA820B507BD00781145 /* Products */;
			projectDirPath = "";
			projectRoot = "";
			targets = (
				2B05EFA620B507BD00781145 /* 获取通讯录 */,
			);
		};
/* End PBXProject section */

/* Begin PBXResourcesBuildPhase section */
		2B05EFA520B507BD00781145 /* Resources */ = {
			isa = PBXResourcesBuildPhase;
			buildActionMask = 2147483647;
			files = (
				2B05EFB720B507BE00781145 /* LaunchScreen.storyboard in Resources */,
				2B05EFB420B507BE00781145 /* Assets.xcassets in Resources */,
				2B05EFD920B54E6700781145 /* AddressBookTableCell.xib in Resources */,
				2B05EFB220B507BD00781145 /* Main.storyboard in Resources */,
			);
			runOnlyForDeploymentPostprocessing = 0;
		};
/* End PBXResourcesBuildPhase section */

/* Begin PBXSourcesBuildPhase section */
		2B05EFA320B507BD00781145 /* Sources */ = {
			isa = PBXSourcesBuildPhase;
			buildActionMask = 2147483647;
			files = (
				2B05EFCC20B50B5900781145 /* AddressBookController.m in Sources */,
				2B05EFDF20B5562A00781145 /* MainViewController.m in Sources */,
				2B05EFD820B54E6700781145 /* AddressBookTableCell.m in Sources */,
				2B05EFBA20B507BE00781145 /* main.m in Sources */,
				2B05EFC920B50B0200781145 /* AddressBookModel.m in Sources */,
				2B05EFD220B5125B00781145 /* AddressBookPinYin.m in Sources */,
				2B05EFAC20B507BD00781145 /* AppDelegate.m in Sources */,
				2B05EFC320B50AB700781145 /* AddressBookManager.m in Sources */,
			);
			runOnlyForDeploymentPostprocessing = 0;
		};
/* End PBXSourcesBuildPhase section */

/* Begin PBXVariantGroup section */
		2B05EFB020B507BD00781145 /* Main.storyboard */ = {
			isa = PBXVariantGroup;
			children = (
				2B05EFB120B507BD00781145 /* Base */,
			);
			name = Main.storyboard;
			sourceTree = "<group>";
		};
		2B05EFB520B507BE00781145 /* LaunchScreen.storyboard */ = {
			isa = PBXVariantGroup;
			children = (
				2B05EFB620B507BE00781145 /* Base */,
			);
			name = LaunchScreen.storyboard;
			sourceTree = "<group>";
		};
/* End PBXVariantGroup section */

/* Begin XCBuildConfiguration section */
		2B05EFBB20B507BE00781145 /* Debug */ = {
			isa = XCBuildConfiguration;
			buildSettings = {
				ALWAYS_SEARCH_USER_PATHS = NO;
				CLANG_ANALYZER_NONNULL = YES;
				CLANG_ANALYZER_NUMBER_OBJECT_CONVERSION = YES_AGGRESSIVE;
				CLANG_CXX_LANGUAGE_STANDARD = "gnu++14";
				CLANG_CXX_LIBRARY = "libc++";
				CLANG_ENABLE_MODULES = YES;
				CLANG_ENABLE_OBJC_ARC = YES;
				CLANG_ENABLE_OBJC_WEAK = YES;
				CLANG_WARN_BLOCK_CAPTURE_AUTORELEASING = YES;
				CLANG_WARN_BOOL_CONVERSION = YES;
				CLANG_WARN_COMMA = YES;
				CLANG_WARN_CONSTANT_CONVERSION = YES;
				CLANG_WARN_DEPRECATED_OBJC_IMPLEMENTATIONS = YES;
				CLANG_WARN_DIRECT_OBJC_ISA_USAGE = YES_ERROR;
				CLANG_WARN_DOCUMENTATION_COMMENTS = YES;
				CLANG_WARN_EMPTY_BODY = YES;
				CLANG_WARN_ENUM_CONVERSION = YES;
				CLANG_WARN_INFINITE_RECURSION = YES;
				CLANG_WARN_INT_CONVERSION = YES;
				CLANG_WARN_NON_LITERAL_NULL_CONVERSION = YES;
				CLANG_WARN_OBJC_IMPLICIT_RETAIN_SELF = YES;
				CLANG_WARN_OBJC_LITERAL_CONVERSION = YES;
				CLANG_WARN_OBJC_ROOT_CLASS = YES_ERROR;
				CLANG_WARN_RANGE_LOOP_ANALYSIS = YES;
				CLANG_WARN_STRICT_PROTOTYPES = YES;
				CLANG_WARN_SUSPICIOUS_MOVE = YES;
				CLANG_WARN_UNGUARDED_AVAILABILITY = YES_AGGRESSIVE;
				CLANG_WARN_UNREACHABLE_CODE = YES;
				CLANG_WARN__DUPLICATE_METHOD_MATCH = YES;
				CODE_SIGN_IDENTITY = "iPhone Developer";
				COPY_PHASE_STRIP = NO;
				DEBUG_INFORMATION_FORMAT = dwarf;
				ENABLE_STRICT_OBJC_MSGSEND = YES;
				ENABLE_TESTABILITY = YES;
				GCC_C_LANGUAGE_STANDARD = gnu11;
				GCC_DYNAMIC_NO_PIC = NO;
				GCC_NO_COMMON_BLOCKS = YES;
				GCC_OPTIMIZATION_LEVEL = 0;
				GCC_PREPROCESSOR_DEFINITIONS = (
					"DEBUG=1",
					"$(inherited)",
				);
				GCC_WARN_64_TO_32_BIT_CONVERSION = YES;
				GCC_WARN_ABOUT_RETURN_TYPE = YES_ERROR;
				GCC_WARN_UNDECLARED_SELECTOR = YES;
				GCC_WARN_UNINITIALIZED_AUTOS = YES_AGGRESSIVE;
				GCC_WARN_UNUSED_FUNCTION = YES;
				GCC_WARN_UNUSED_VARIABLE = YES;
				IPHONEOS_DEPLOYMENT_TARGET = 11.3;
				MTL_ENABLE_DEBUG_INFO = YES;
				ONLY_ACTIVE_ARCH = YES;
				SDKROOT = iphoneos;
			};
			name = Debug;
		};
		2B05EFBC20B507BE00781145 /* Release */ = {
			isa = XCBuildConfiguration;
			buildSettings = {
				ALWAYS_SEARCH_USER_PATHS = NO;
				CLANG_ANALYZER_NONNULL = YES;
				CLANG_ANALYZER_NUMBER_OBJECT_CONVERSION = YES_AGGRESSIVE;
				CLANG_CXX_LANGUAGE_STANDARD = "gnu++14";
				CLANG_CXX_LIBRARY = "libc++";
				CLANG_ENABLE_MODULES = YES;
				CLANG_ENABLE_OBJC_ARC = YES;
				CLANG_ENABLE_OBJC_WEAK = YES;
				CLANG_WARN_BLOCK_CAPTURE_AUTORELEASING = YES;
				CLANG_WARN_BOOL_CONVERSION = YES;
				CLANG_WARN_COMMA = YES;
				CLANG_WARN_CONSTANT_CONVERSION = YES;
				CLANG_WARN_DEPRECATED_OBJC_IMPLEMENTATIONS = YES;
				CLANG_WARN_DIRECT_OBJC_ISA_USAGE = YES_ERROR;
				CLANG_WARN_DOCUMENTATION_COMMENTS = YES;
				CLANG_WARN_EMPTY_BODY = YES;
				CLANG_WARN_ENUM_CONVERSION = YES;
				CLANG_WARN_INFINITE_RECURSION = YES;
				CLANG_WARN_INT_CONVERSION = YES;
				CLANG_WARN_NON_LITERAL_NULL_CONVERSION = YES;
				CLANG_WARN_OBJC_IMPLICIT_RETAIN_SELF = YES;
				CLANG_WARN_OBJC_LITERAL_CONVERSION = YES;
				CLANG_WARN_OBJC_ROOT_CLASS = YES_ERROR;
				CLANG_WARN_RANGE_LOOP_ANALYSIS = YES;
				CLANG_WARN_STRICT_PROTOTYPES = YES;
				CLANG_WARN_SUSPICIOUS_MOVE = YES;
				CLANG_WARN_UNGUARDED_AVAILABILITY = YES_AGGRESSIVE;
				CLANG_WARN_UNREACHABLE_CODE = YES;
				CLANG_WARN__DUPLICATE_METHOD_MATCH = YES;
				CODE_SIGN_IDENTITY = "iPhone Developer";
				COPY_PHASE_STRIP = NO;
				DEBUG_INFORMATION_FORMAT = "dwarf-with-dsym";
				ENABLE_NS_ASSERTIONS = NO;
				ENABLE_STRICT_OBJC_MSGSEND = YES;
				GCC_C_LANGUAGE_STANDARD = gnu11;
				GCC_NO_COMMON_BLOCKS = YES;
				GCC_WARN_64_TO_32_BIT_CONVERSION = YES;
				GCC_WARN_ABOUT_RETURN_TYPE = YES_ERROR;
				GCC_WARN_UNDECLARED_SELECTOR = YES;
				GCC_WARN_UNINITIALIZED_AUTOS = YES_AGGRESSIVE;
				GCC_WARN_UNUSED_FUNCTION = YES;
				GCC_WARN_UNUSED_VARIABLE = YES;
				IPHONEOS_DEPLOYMENT_TARGET = 11.3;
				MTL_ENABLE_DEBUG_INFO = NO;
				SDKROOT = iphoneos;
				VALIDATE_PRODUCT = YES;
			};
			name = Release;
		};
		2B05EFBE20B507BE00781145 /* Debug */ = {
			isa = XCBuildConfiguration;
			buildSettings = {
				ASSETCATALOG_COMPILER_APPICON_NAME = AppIcon;
				CODE_SIGN_STYLE = Automatic;
				DEVELOPMENT_TEAM = 2VZHX58HUJ;
				INFOPLIST_FILE = "获取通讯录/Info.plist";
				IPHONEOS_DEPLOYMENT_TARGET = 8.0;
				LD_RUNPATH_SEARCH_PATHS = (
					"$(inherited)",
					"@executable_path/Frameworks",
				);
				PRODUCT_BUNDLE_IDENTIFIER = "com.microants.haishi.-----";
				PRODUCT_NAME = "$(TARGET_NAME)";
				TARGETED_DEVICE_FAMILY = "1,2";
			};
			name = Debug;
		};
		2B05EFBF20B507BE00781145 /* Release */ = {
			isa = XCBuildConfiguration;
			buildSettings = {
				ASSETCATALOG_COMPILER_APPICON_NAME = AppIcon;
				CODE_SIGN_STYLE = Automatic;
				DEVELOPMENT_TEAM = 2VZHX58HUJ;
				INFOPLIST_FILE = "获取通讯录/Info.plist";
				IPHONEOS_DEPLOYMENT_TARGET = 8.0;
				LD_RUNPATH_SEARCH_PATHS = (
					"$(inherited)",
					"@executable_path/Frameworks",
				);
				PRODUCT_BUNDLE_IDENTIFIER = "com.microants.haishi.-----";
				PRODUCT_NAME = "$(TARGET_NAME)";
				TARGETED_DEVICE_FAMILY = "1,2";
			};
			name = Release;
		};
/* End XCBuildConfiguration section */

/* Begin XCConfigurationList section */
		2B05EFA220B507BD00781145 /* Build configuration list for PBXProject "获取通讯录" */ = {
			isa = XCConfigurationList;
			buildConfigurations = (
				2B05EFBB20B507BE00781145 /* Debug */,
				2B05EFBC20B507BE00781145 /* Release */,
			);
			defaultConfigurationIsVisible = 0;
			defaultConfigurationName = Release;
		};
		2B05EFBD20B507BE00781145 /* Build configuration list for PBXNativeTarget "获取通讯录" */ = {
			isa = XCConfigurationList;
			buildConfigurations = (
				2B05EFBE20B507BE00781145 /* Debug */,
				2B05EFBF20B507BE00781145 /* Release */,
			);
			defaultConfigurationIsVisible = 0;
			defaultConfigurationName = Release;
		};
/* End XCConfigurationList section */
	};
	rootObject = 2B05EF9F20B507BD00781145 /* Project object */;
}
